// !$*UTF8*$!
{
	archiveVersion = 1;
	classes = {
	};
	objectVersion = 46;
	objects = {

/* Begin PBXBuildFile section */
		0410D88B1F600695001F14A7 /* DateTransform.swift in Sources */ = {isa = PBXBuildFile; fileRef = 0410D88A1F600695001F14A7 /* DateTransform.swift */; };
		0464ACE31F56F5A000D8D49A /* FirstLaunchManager.swift in Sources */ = {isa = PBXBuildFile; fileRef = 0464ACE21F56F5A000D8D49A /* FirstLaunchManager.swift */; };
		04A6619C1F6B89BF0032A491 /* ViewHelpers.swift in Sources */ = {isa = PBXBuildFile; fileRef = 04A6619B1F6B89BF0032A491 /* ViewHelpers.swift */; };
		07C78A4481388F1339B64CB8 /* SplashInteractorInputOutput.swift in Sources */ = {isa = PBXBuildFile; fileRef = CBC8A918970FD74760406682 /* SplashInteractorInputOutput.swift */; };
		2216321A440ECB8A1A5A8E2F /* SplashConfigurator.swift in Sources */ = {isa = PBXBuildFile; fileRef = 6407D7CABE7B69F5D1E79D8D /* SplashConfigurator.swift */; };
		2DBA1619AFA28CC3A2C7FEE8 /* LogManager.swift in Sources */ = {isa = PBXBuildFile; fileRef = 2DBA1F5248F4155F9593EE1C /* LogManager.swift */; };
		2DBA1A63EA33E4B04C5CCC2E /* Fonts.swift in Sources */ = {isa = PBXBuildFile; fileRef = 2DBA1117036D8B7E596B4703 /* Fonts.swift */; };
		3361E4951F54A4DA00ECF276 /* PhoneNumberFormatter.swift in Sources */ = {isa = PBXBuildFile; fileRef = 3361E4931F54A4DA00ECF276 /* PhoneNumberFormatter.swift */; };
		3361E4961F54A4DA00ECF276 /* PhoneNumberFormatterImplementation.swift in Sources */ = {isa = PBXBuildFile; fileRef = 3361E4941F54A4DA00ECF276 /* PhoneNumberFormatterImplementation.swift */; };
		33762FD8BD7C6DBDCDB59E88 /* SplashViewInputOutput.swift in Sources */ = {isa = PBXBuildFile; fileRef = F1DD7ED06575C670A0707ECC /* SplashViewInputOutput.swift */; };
		338AD1A71F5554C800717F3A /* LogoutManager.swift in Sources */ = {isa = PBXBuildFile; fileRef = 338AD1A61F5554C800717F3A /* LogoutManager.swift */; };
		338AD1A91F5554DE00717F3A /* LogoutManagerImplementation.swift in Sources */ = {isa = PBXBuildFile; fileRef = 338AD1A81F5554DE00717F3A /* LogoutManagerImplementation.swift */; };
		33C656511F4C261000594E47 /* Localizable.stringsdict in Resources */ = {isa = PBXBuildFile; fileRef = 33C656501F4C261000594E47 /* Localizable.stringsdict */; };
		8107F7EE1FD7F1C90067DFD2 /* Constants.swift in Sources */ = {isa = PBXBuildFile; fileRef = 8107F7ED1FD7F1C90067DFD2 /* Constants.swift */; };
		8108762D1FF13CE300996554 /* StubsView.swift in Sources */ = {isa = PBXBuildFile; fileRef = 8108762C1FF13CE300996554 /* StubsView.swift */; };
		813D863C1FEA78CF0026327B /* StatusBarAlertManager.swift in Sources */ = {isa = PBXBuildFile; fileRef = 813D863B1FEA78CF0026327B /* StatusBarAlertManager.swift */; };
		813D863E1FEA83AB0026327B /* MessageError.swift in Sources */ = {isa = PBXBuildFile; fileRef = 813D863D1FEA83AB0026327B /* MessageError.swift */; };
		81C5ACF820121D8700E47430 /* lottie.js in Resources */ = {isa = PBXBuildFile; fileRef = 81C5ACF420121D8700E47430 /* lottie.js */; };
		81C5ACFB20122FFF00E47430 /* data.json in Resources */ = {isa = PBXBuildFile; fileRef = 81C5ACF320121D8600E47430 /* data.json */; };
		99241F5B793E63806B03F3B3 /* SplashRouter.swift in Sources */ = {isa = PBXBuildFile; fileRef = BCDCA63AACF27B11878F3875 /* SplashRouter.swift */; };
		9BB4E0163742B6C1DC140FBF /* TextInputFilter.swift in Sources */ = {isa = PBXBuildFile; fileRef = 9BB4E0CC998ED83A32A59AFA /* TextInputFilter.swift */; };
		9BB4E16B5EFDB6CBC8454850 /* Response+ObjectMapper.swift in Sources */ = {isa = PBXBuildFile; fileRef = 9BB4EDC1E07B4DFD3F426AC1 /* Response+ObjectMapper.swift */; };
		9BB4E26D89A31E79BAFE6B36 /* Images.swift in Sources */ = {isa = PBXBuildFile; fileRef = 9BB4E1154A4817FA8FA36935 /* Images.swift */; };
		9BB4E2D2E17EA5E6ED5DB0BF /* Formatters.swift in Sources */ = {isa = PBXBuildFile; fileRef = 9BB4E0DA5EDD4BB01D3CE4A3 /* Formatters.swift */; };
		9BB4E330C29F6CB1435CA47E /* Observable+ObjectMapper.swift in Sources */ = {isa = PBXBuildFile; fileRef = 9BB4E9178096F52C7F1FC4B7 /* Observable+ObjectMapper.swift */; };
		9BB4E3AC8CC054013E48F2C5 /* Responses.swift in Sources */ = {isa = PBXBuildFile; fileRef = 9BB4E23DB7E875222F687BDE /* Responses.swift */; };
		9BB4E3F0DBB64B9E1751C4B5 /* Colors.swift in Sources */ = {isa = PBXBuildFile; fileRef = 9BB4EA68787D21B34997A066 /* Colors.swift */; };
		9BB4E44D8DC293D80A5493B4 /* Configurations.swift in Sources */ = {isa = PBXBuildFile; fileRef = 9BB4EF5E75C54D43ADD9AA1C /* Configurations.swift */; };
		9BB4E4E0A1AFE4FEA73E43C5 /* Restaurant.swift in Sources */ = {isa = PBXBuildFile; fileRef = 9BB4E6805806AD51A6AB5599 /* Restaurant.swift */; };
		9BB4E5492744BB6F8BD18ED6 /* ParentViewController.swift in Sources */ = {isa = PBXBuildFile; fileRef = 9BB4E8FDE9B0060E2026B5FE /* ParentViewController.swift */; };
		9BB4E5BBB15F0C0078F876C8 /* NavigationBarDecorator.swift in Sources */ = {isa = PBXBuildFile; fileRef = 9BB4EF41AB288F4BE5D309A1 /* NavigationBarDecorator.swift */; };
		9BB4E675BCCB7BC81ED7568B /* AppRouter.swift in Sources */ = {isa = PBXBuildFile; fileRef = 9BB4E4726C8040E442772E5F /* AppRouter.swift */; };
		9BB4E73D0AE184ED48DEEC8C /* AuthCheckCodeResponse.swift in Sources */ = {isa = PBXBuildFile; fileRef = 9BB4E62F1D98D07B75A363C0 /* AuthCheckCodeResponse.swift */; };
		9BB4E87CA6162F664B0FAE21 /* ProviderError.swift in Sources */ = {isa = PBXBuildFile; fileRef = 9BB4E11B5EB6237E3B466875 /* ProviderError.swift */; };
		9BB4E94C184BEFBC43554F82 /* LayoutMagic.swift in Sources */ = {isa = PBXBuildFile; fileRef = 9BB4EA0F7D743A0F111B4375 /* LayoutMagic.swift */; };
		9BB4EA196D7A07F9B36FCFE1 /* UIHelpers.swift in Sources */ = {isa = PBXBuildFile; fileRef = 9BB4E66B2960008253DFBB5A /* UIHelpers.swift */; };
		9BB4EA49B4F4141A984F198B /* Containers.swift in Sources */ = {isa = PBXBuildFile; fileRef = 9BB4E0741704509FB13FD3C1 /* Containers.swift */; };
		9BB4EAAAD41D80585CE86398 /* AuthTokenMoyaPlugin.swift in Sources */ = {isa = PBXBuildFile; fileRef = 9BB4E4CCB9AE6E5FB278B961 /* AuthTokenMoyaPlugin.swift */; };
		9BB4EAC177088AA22DB9C31F /* FoodleTarget.swift in Sources */ = {isa = PBXBuildFile; fileRef = 9BB4E193C21B115212DCD009 /* FoodleTarget.swift */; };
		9BB4EC2F956B30A4509642DE /* Strings.swift in Sources */ = {isa = PBXBuildFile; fileRef = 9BB4EA1FC07CECE70719D3C7 /* Strings.swift */; };
		9BB4ED8DD3A72D2DEB67C582 /* AuthTokenManager.swift in Sources */ = {isa = PBXBuildFile; fileRef = 9BB4EED6E2659E4C696CCF34 /* AuthTokenManager.swift */; };
		9BB4EDA09342D38FD63BC04C /* FlowControllerProtocol.swift in Sources */ = {isa = PBXBuildFile; fileRef = 9BB4EB89F1C2915FAAD25EBE /* FlowControllerProtocol.swift */; };
		9BB4EE643D7AB8FF33E4C138 /* AppDelegate.swift in Sources */ = {isa = PBXBuildFile; fileRef = 9BB4EE7C65A17F9A5DDCEFE9 /* AppDelegate.swift */; };
		9BB4EF0976EFF84ED230CDC0 /* LaunchManger.swift in Sources */ = {isa = PBXBuildFile; fileRef = 9BB4E3A03D86DB261C68BE03 /* LaunchManger.swift */; };
		9BB4EF4A84B7977863DF8BC1 /* CrashReportManager.swift in Sources */ = {isa = PBXBuildFile; fileRef = 9BB4EEB50318E41F6DCE7350 /* CrashReportManager.swift */; };
		9BB4EF959CF4C87A7630C569 /* NavigationFlowController.swift in Sources */ = {isa = PBXBuildFile; fileRef = 9BB4E29AB133430863BCBB90 /* NavigationFlowController.swift */; };
		9BB4EFA0D786DBFA4111AF36 /* BaseRouterInput.swift in Sources */ = {isa = PBXBuildFile; fileRef = 9BB4E9BD8F5F2C8F01F57A7B /* BaseRouterInput.swift */; };
		A38174CEB232EBFB5FD4B31B /* SplashModuleInputOutput.swift in Sources */ = {isa = PBXBuildFile; fileRef = 34F4D5FD04DE2D8682E496BB /* SplashModuleInputOutput.swift */; };
		A94909D30D1D65F87626EFDD /* SplashInteractor.swift in Sources */ = {isa = PBXBuildFile; fileRef = 0B4C5A0FFD0EA78C8B7C1746 /* SplashInteractor.swift */; };
		C0005F051F338B7400410A74 /* ObjectMapper.framework in Frameworks */ = {isa = PBXBuildFile; fileRef = C0005F041F338B7400410A74 /* ObjectMapper.framework */; };
		C0047BB81F20C33D0073544B /* Localizable.strings in Resources */ = {isa = PBXBuildFile; fileRef = C0047BBA1F20C33D0073544B /* Localizable.strings */; };
		C03A2C261F2F0B6D006E9B45 /* Accelerate.framework in Frameworks */ = {isa = PBXBuildFile; fileRef = C03A2C251F2F0B6D006E9B45 /* Accelerate.framework */; };
		C03A2C281F2F0B99006E9B45 /* CoreData.framework in Frameworks */ = {isa = PBXBuildFile; fileRef = C03A2C271F2F0B99006E9B45 /* CoreData.framework */; };
		C03A2C2A1F2F0BAF006E9B45 /* CoreGraphics.framework in Frameworks */ = {isa = PBXBuildFile; fileRef = C03A2C291F2F0BAF006E9B45 /* CoreGraphics.framework */; };
		C03A2C2C1F2F0BBE006E9B45 /* CoreLocation.framework in Frameworks */ = {isa = PBXBuildFile; fileRef = C03A2C2B1F2F0BBE006E9B45 /* CoreLocation.framework */; };
		C03A2C2E1F2F0BD3006E9B45 /* CoreText.framework in Frameworks */ = {isa = PBXBuildFile; fileRef = C03A2C2D1F2F0BD3006E9B45 /* CoreText.framework */; };
		C03A2C301F2F0BEE006E9B45 /* GLKit.framework in Frameworks */ = {isa = PBXBuildFile; fileRef = C03A2C2F1F2F0BEE006E9B45 /* GLKit.framework */; };
		C03A2C321F2F0BFE006E9B45 /* ImageIO.framework in Frameworks */ = {isa = PBXBuildFile; fileRef = C03A2C311F2F0BFE006E9B45 /* ImageIO.framework */; };
		C03A2C341F2F0C1D006E9B45 /* libc++.tbd in Frameworks */ = {isa = PBXBuildFile; fileRef = C03A2C331F2F0C1D006E9B45 /* libc++.tbd */; };
		C03A2C361F2F0C3B006E9B45 /* libz.tbd in Frameworks */ = {isa = PBXBuildFile; fileRef = C03A2C351F2F0C3B006E9B45 /* libz.tbd */; };
		C03A2C381F2F0C67006E9B45 /* OpenGLES.framework in Frameworks */ = {isa = PBXBuildFile; fileRef = C03A2C371F2F0C67006E9B45 /* OpenGLES.framework */; };
		C03A2C3A1F2F0C76006E9B45 /* QuartzCore.framework in Frameworks */ = {isa = PBXBuildFile; fileRef = C03A2C391F2F0C76006E9B45 /* QuartzCore.framework */; };
		C03A2C3C1F2F0C84006E9B45 /* SystemConfiguration.framework in Frameworks */ = {isa = PBXBuildFile; fileRef = C03A2C3B1F2F0C84006E9B45 /* SystemConfiguration.framework */; };
		C03A2C3E1F2F0C93006E9B45 /* UIKit.framework in Frameworks */ = {isa = PBXBuildFile; fileRef = C03A2C3D1F2F0C93006E9B45 /* UIKit.framework */; };
		C03A2C431F2F31FB006E9B45 /* InfoPlist.strings in Resources */ = {isa = PBXBuildFile; fileRef = C03A2C451F2F31FB006E9B45 /* InfoPlist.strings */; };
		C04B61DC1F20E9000042AC92 /* ObjcExceptionBridging.framework in Frameworks */ = {isa = PBXBuildFile; fileRef = C04B61DA1F20E8FF0042AC92 /* ObjcExceptionBridging.framework */; };
		C04B61DD1F20E9000042AC92 /* XCGLogger.framework in Frameworks */ = {isa = PBXBuildFile; fileRef = C04B61DB1F20E8FF0042AC92 /* XCGLogger.framework */; };
		C04B61E71F20EF050042AC92 /* winstrikeTests.swift in Sources */ = {isa = PBXBuildFile; fileRef = C04B61E61F20EF050042AC92 /* winstrikeTests.swift */; };
		C07B88ED1F37361C0064E420 /* KeychainAccess.framework in Frameworks */ = {isa = PBXBuildFile; fileRef = C07B88EC1F37361C0064E420 /* KeychainAccess.framework */; };
		C0826DB31F4324B60002DD65 /* Kingfisher.framework in Frameworks */ = {isa = PBXBuildFile; fileRef = C0826DB21F4324B60002DD65 /* Kingfisher.framework */; };
		C0A4AD6B1F2621DB0035EF69 /* RxMoya.framework in Frameworks */ = {isa = PBXBuildFile; fileRef = C0A4AD631F2621DB0035EF69 /* RxMoya.framework */; };
		C0A4AD6C1F2621DB0035EF69 /* Moya.framework in Frameworks */ = {isa = PBXBuildFile; fileRef = C0A4AD641F2621DB0035EF69 /* Moya.framework */; };
		C0A4AD6D1F2621DB0035EF69 /* Result.framework in Frameworks */ = {isa = PBXBuildFile; fileRef = C0A4AD651F2621DB0035EF69 /* Result.framework */; };
		C0A4AD6E1F2621DB0035EF69 /* Alamofire.framework in Frameworks */ = {isa = PBXBuildFile; fileRef = C0A4AD661F2621DB0035EF69 /* Alamofire.framework */; };
		C0A4AD6F1F2621DB0035EF69 /* RxBlocking.framework in Frameworks */ = {isa = PBXBuildFile; fileRef = C0A4AD671F2621DB0035EF69 /* RxBlocking.framework */; };
		C0A4AD701F2621DB0035EF69 /* RxCocoa.framework in Frameworks */ = {isa = PBXBuildFile; fileRef = C0A4AD681F2621DB0035EF69 /* RxCocoa.framework */; };
		C0A4AD711F2621DB0035EF69 /* RxSwift.framework in Frameworks */ = {isa = PBXBuildFile; fileRef = C0A4AD691F2621DB0035EF69 /* RxSwift.framework */; };
		C0B9D4771F1FB8F6009A77DD /* Assets.xcassets in Resources */ = {isa = PBXBuildFile; fileRef = C0B9D4761F1FB8F6009A77DD /* Assets.xcassets */; };
		CE234B461FBEF31700EC4BAA /* SimpleNewsHeader.swift in Sources */ = {isa = PBXBuildFile; fileRef = CE234B451FBEF31700EC4BAA /* SimpleNewsHeader.swift */; };
		CED4EA041FAAF8D500E7F58B /* CollectionCell.swift in Sources */ = {isa = PBXBuildFile; fileRef = CED4EA031FAAF8D500E7F58B /* CollectionCell.swift */; };
		CEE0A9491F988546006E6D9B /* RolesCell.swift in Sources */ = {isa = PBXBuildFile; fileRef = CEE0A9481F988546006E6D9B /* RolesCell.swift */; };
		CEF831C41FA9B297002CBAD3 /* HeaderCollectionsView.swift in Sources */ = {isa = PBXBuildFile; fileRef = CEF831C31FA9B297002CBAD3 /* HeaderCollectionsView.swift */; };
		E17F85E542736C0D28993858 /* SplashViewController.swift in Sources */ = {isa = PBXBuildFile; fileRef = E710B0E529AC5ABDB11F3773 /* SplashViewController.swift */; };
		E6ED717462B8C4B94E25A83E /* SplashRouterInput.swift in Sources */ = {isa = PBXBuildFile; fileRef = 57B349894AFFDAAAB01F2EAA /* SplashRouterInput.swift */; };
		E926E5EB594C1BB71810447D /* SplashPresenter.swift in Sources */ = {isa = PBXBuildFile; fileRef = C6292FEEE27C07BAC9D12B75 /* SplashPresenter.swift */; };
		FA9B00CF1F251C7A002A57A8 /* Dip.framework in Frameworks */ = {isa = PBXBuildFile; fileRef = FA9B00CE1F251C7A002A57A8 /* Dip.framework */; };
/* End PBXBuildFile section */

/* Begin PBXContainerItemProxy section */
		C04B61E91F20EF050042AC92 /* PBXContainerItemProxy */ = {
			isa = PBXContainerItemProxy;
			containerPortal = C0B9D4591F1F8207009A77DD /* Project object */;
			proxyType = 1;
			remoteGlobalIDString = C0B9D4601F1F8207009A77DD;
			remoteInfo = foodle;
		};
/* End PBXContainerItemProxy section */

/* Begin PBXFileReference section */
		0410D88A1F600695001F14A7 /* DateTransform.swift */ = {isa = PBXFileReference; fileEncoding = 4; lastKnownFileType = sourcecode.swift; path = DateTransform.swift; sourceTree = "<group>"; };
		0464ACE21F56F5A000D8D49A /* FirstLaunchManager.swift */ = {isa = PBXFileReference; fileEncoding = 4; lastKnownFileType = sourcecode.swift; path = FirstLaunchManager.swift; sourceTree = "<group>"; };
		04A6619B1F6B89BF0032A491 /* ViewHelpers.swift */ = {isa = PBXFileReference; fileEncoding = 4; lastKnownFileType = sourcecode.swift; path = ViewHelpers.swift; sourceTree = "<group>"; };
		0B4C5A0FFD0EA78C8B7C1746 /* SplashInteractor.swift */ = {isa = PBXFileReference; includeInIndex = 1; lastKnownFileType = sourcecode.swift; path = SplashInteractor.swift; sourceTree = "<group>"; };
		2DBA1117036D8B7E596B4703 /* Fonts.swift */ = {isa = PBXFileReference; fileEncoding = 4; lastKnownFileType = sourcecode.swift; path = Fonts.swift; sourceTree = "<group>"; };
		2DBA1F5248F4155F9593EE1C /* LogManager.swift */ = {isa = PBXFileReference; fileEncoding = 4; lastKnownFileType = sourcecode.swift; path = LogManager.swift; sourceTree = "<group>"; };
		3361E4931F54A4DA00ECF276 /* PhoneNumberFormatter.swift */ = {isa = PBXFileReference; fileEncoding = 4; lastKnownFileType = sourcecode.swift; path = PhoneNumberFormatter.swift; sourceTree = "<group>"; };
		3361E4941F54A4DA00ECF276 /* PhoneNumberFormatterImplementation.swift */ = {isa = PBXFileReference; fileEncoding = 4; lastKnownFileType = sourcecode.swift; path = PhoneNumberFormatterImplementation.swift; sourceTree = "<group>"; };
		338AD1A61F5554C800717F3A /* LogoutManager.swift */ = {isa = PBXFileReference; fileEncoding = 4; lastKnownFileType = sourcecode.swift; path = LogoutManager.swift; sourceTree = "<group>"; };
		338AD1A81F5554DE00717F3A /* LogoutManagerImplementation.swift */ = {isa = PBXFileReference; fileEncoding = 4; lastKnownFileType = sourcecode.swift; path = LogoutManagerImplementation.swift; sourceTree = "<group>"; };
		33C656501F4C261000594E47 /* Localizable.stringsdict */ = {isa = PBXFileReference; fileEncoding = 4; lastKnownFileType = text.plist.stringsdict; path = Localizable.stringsdict; sourceTree = "<group>"; };
		34F4D5FD04DE2D8682E496BB /* SplashModuleInputOutput.swift */ = {isa = PBXFileReference; includeInIndex = 1; lastKnownFileType = sourcecode.swift; path = SplashModuleInputOutput.swift; sourceTree = "<group>"; };
		57B349894AFFDAAAB01F2EAA /* SplashRouterInput.swift */ = {isa = PBXFileReference; includeInIndex = 1; lastKnownFileType = sourcecode.swift; path = SplashRouterInput.swift; sourceTree = "<group>"; };
		6407D7CABE7B69F5D1E79D8D /* SplashConfigurator.swift */ = {isa = PBXFileReference; includeInIndex = 1; lastKnownFileType = sourcecode.swift; path = SplashConfigurator.swift; sourceTree = "<group>"; };
		8107F7ED1FD7F1C90067DFD2 /* Constants.swift */ = {isa = PBXFileReference; lastKnownFileType = sourcecode.swift; path = Constants.swift; sourceTree = "<group>"; };
		8108762C1FF13CE300996554 /* StubsView.swift */ = {isa = PBXFileReference; lastKnownFileType = sourcecode.swift; path = StubsView.swift; sourceTree = "<group>"; };
		813D863B1FEA78CF0026327B /* StatusBarAlertManager.swift */ = {isa = PBXFileReference; lastKnownFileType = sourcecode.swift; path = StatusBarAlertManager.swift; sourceTree = "<group>"; };
		813D863D1FEA83AB0026327B /* MessageError.swift */ = {isa = PBXFileReference; lastKnownFileType = sourcecode.swift; path = MessageError.swift; sourceTree = "<group>"; };
		8159D0D220065508006CF82B /* Bolts.framework */ = {isa = PBXFileReference; lastKnownFileType = wrapper.framework; path = Bolts.framework; sourceTree = "<group>"; };
		81C5ACF320121D8600E47430 /* data.json */ = {isa = PBXFileReference; lastKnownFileType = text.json; path = data.json; sourceTree = "<group>"; };
		81C5ACF420121D8700E47430 /* lottie.js */ = {isa = PBXFileReference; lastKnownFileType = sourcecode.javascript; path = lottie.js; sourceTree = "<group>"; };
		9BB4E0741704509FB13FD3C1 /* Containers.swift */ = {isa = PBXFileReference; fileEncoding = 4; lastKnownFileType = sourcecode.swift; path = Containers.swift; sourceTree = "<group>"; };
		9BB4E0CC998ED83A32A59AFA /* TextInputFilter.swift */ = {isa = PBXFileReference; fileEncoding = 4; lastKnownFileType = sourcecode.swift; path = TextInputFilter.swift; sourceTree = "<group>"; };
		9BB4E0DA5EDD4BB01D3CE4A3 /* Formatters.swift */ = {isa = PBXFileReference; fileEncoding = 4; lastKnownFileType = sourcecode.swift; path = Formatters.swift; sourceTree = "<group>"; };
		9BB4E1154A4817FA8FA36935 /* Images.swift */ = {isa = PBXFileReference; fileEncoding = 4; lastKnownFileType = sourcecode.swift; path = Images.swift; sourceTree = "<group>"; };
		9BB4E11B5EB6237E3B466875 /* ProviderError.swift */ = {isa = PBXFileReference; fileEncoding = 4; lastKnownFileType = sourcecode.swift; path = ProviderError.swift; sourceTree = "<group>"; };
		9BB4E193C21B115212DCD009 /* FoodleTarget.swift */ = {isa = PBXFileReference; fileEncoding = 4; lastKnownFileType = sourcecode.swift; path = FoodleTarget.swift; sourceTree = "<group>"; };
		9BB4E23DB7E875222F687BDE /* Responses.swift */ = {isa = PBXFileReference; fileEncoding = 4; lastKnownFileType = sourcecode.swift; path = Responses.swift; sourceTree = "<group>"; };
		9BB4E25D00D1646FF675487D /* Info.plist */ = {isa = PBXFileReference; fileEncoding = 4; lastKnownFileType = text.plist.info; path = Info.plist; sourceTree = "<group>"; };
		9BB4E29AB133430863BCBB90 /* NavigationFlowController.swift */ = {isa = PBXFileReference; fileEncoding = 4; lastKnownFileType = sourcecode.swift; path = NavigationFlowController.swift; sourceTree = "<group>"; };
		9BB4E3A03D86DB261C68BE03 /* LaunchManger.swift */ = {isa = PBXFileReference; fileEncoding = 4; lastKnownFileType = sourcecode.swift; path = LaunchManger.swift; sourceTree = "<group>"; };
		9BB4E4726C8040E442772E5F /* AppRouter.swift */ = {isa = PBXFileReference; fileEncoding = 4; lastKnownFileType = sourcecode.swift; path = AppRouter.swift; sourceTree = "<group>"; };
		9BB4E4CCB9AE6E5FB278B961 /* AuthTokenMoyaPlugin.swift */ = {isa = PBXFileReference; fileEncoding = 4; lastKnownFileType = sourcecode.swift; path = AuthTokenMoyaPlugin.swift; sourceTree = "<group>"; };
		9BB4E62F1D98D07B75A363C0 /* AuthCheckCodeResponse.swift */ = {isa = PBXFileReference; fileEncoding = 4; lastKnownFileType = sourcecode.swift; path = AuthCheckCodeResponse.swift; sourceTree = "<group>"; };
		9BB4E66B2960008253DFBB5A /* UIHelpers.swift */ = {isa = PBXFileReference; fileEncoding = 4; lastKnownFileType = sourcecode.swift; path = UIHelpers.swift; sourceTree = "<group>"; };
		9BB4E6805806AD51A6AB5599 /* Restaurant.swift */ = {isa = PBXFileReference; fileEncoding = 4; lastKnownFileType = sourcecode.swift; path = Restaurant.swift; sourceTree = "<group>"; };
		9BB4E8FDE9B0060E2026B5FE /* ParentViewController.swift */ = {isa = PBXFileReference; fileEncoding = 4; lastKnownFileType = sourcecode.swift; path = ParentViewController.swift; sourceTree = "<group>"; };
		9BB4E9178096F52C7F1FC4B7 /* Observable+ObjectMapper.swift */ = {isa = PBXFileReference; fileEncoding = 4; lastKnownFileType = sourcecode.swift; path = "Observable+ObjectMapper.swift"; sourceTree = "<group>"; };
		9BB4E9BD8F5F2C8F01F57A7B /* BaseRouterInput.swift */ = {isa = PBXFileReference; fileEncoding = 4; lastKnownFileType = sourcecode.swift; path = BaseRouterInput.swift; sourceTree = "<group>"; };
		9BB4EA0F7D743A0F111B4375 /* LayoutMagic.swift */ = {isa = PBXFileReference; fileEncoding = 4; lastKnownFileType = sourcecode.swift; path = LayoutMagic.swift; sourceTree = "<group>"; };
		9BB4EA1FC07CECE70719D3C7 /* Strings.swift */ = {isa = PBXFileReference; fileEncoding = 4; lastKnownFileType = sourcecode.swift; path = Strings.swift; sourceTree = "<group>"; };
		9BB4EA68787D21B34997A066 /* Colors.swift */ = {isa = PBXFileReference; fileEncoding = 4; lastKnownFileType = sourcecode.swift; path = Colors.swift; sourceTree = "<group>"; };
		9BB4EB0FDA36A97D1F8F9CEF /* restaurants.json */ = {isa = PBXFileReference; fileEncoding = 4; lastKnownFileType = text.json; path = restaurants.json; sourceTree = "<group>"; };
		9BB4EB89F1C2915FAAD25EBE /* FlowControllerProtocol.swift */ = {isa = PBXFileReference; fileEncoding = 4; lastKnownFileType = sourcecode.swift; path = FlowControllerProtocol.swift; sourceTree = "<group>"; };
		9BB4EDC1E07B4DFD3F426AC1 /* Response+ObjectMapper.swift */ = {isa = PBXFileReference; fileEncoding = 4; lastKnownFileType = sourcecode.swift; path = "Response+ObjectMapper.swift"; sourceTree = "<group>"; };
		9BB4EE7C65A17F9A5DDCEFE9 /* AppDelegate.swift */ = {isa = PBXFileReference; fileEncoding = 4; lastKnownFileType = sourcecode.swift; path = AppDelegate.swift; sourceTree = "<group>"; };
		9BB4EEB50318E41F6DCE7350 /* CrashReportManager.swift */ = {isa = PBXFileReference; fileEncoding = 4; lastKnownFileType = sourcecode.swift; path = CrashReportManager.swift; sourceTree = "<group>"; };
		9BB4EED6E2659E4C696CCF34 /* AuthTokenManager.swift */ = {isa = PBXFileReference; fileEncoding = 4; lastKnownFileType = sourcecode.swift; path = AuthTokenManager.swift; sourceTree = "<group>"; };
		9BB4EF41AB288F4BE5D309A1 /* NavigationBarDecorator.swift */ = {isa = PBXFileReference; fileEncoding = 4; lastKnownFileType = sourcecode.swift; path = NavigationBarDecorator.swift; sourceTree = "<group>"; };
		9BB4EF5E75C54D43ADD9AA1C /* Configurations.swift */ = {isa = PBXFileReference; fileEncoding = 4; lastKnownFileType = sourcecode.swift; path = Configurations.swift; sourceTree = "<group>"; };
		BCDCA63AACF27B11878F3875 /* SplashRouter.swift */ = {isa = PBXFileReference; includeInIndex = 1; lastKnownFileType = sourcecode.swift; path = SplashRouter.swift; sourceTree = "<group>"; };
		C0005F041F338B7400410A74 /* ObjectMapper.framework */ = {isa = PBXFileReference; lastKnownFileType = wrapper.framework; name = ObjectMapper.framework; path = Carthage/Build/iOS/ObjectMapper.framework; sourceTree = "<group>"; };
		C0047BBB1F20C34A0073544B /* ru */ = {isa = PBXFileReference; lastKnownFileType = text.plist.strings; name = ru; path = ru.lproj/Localizable.strings; sourceTree = "<group>"; };
		C03A2C251F2F0B6D006E9B45 /* Accelerate.framework */ = {isa = PBXFileReference; lastKnownFileType = wrapper.framework; name = Accelerate.framework; path = System/Library/Frameworks/Accelerate.framework; sourceTree = SDKROOT; };
		C03A2C271F2F0B99006E9B45 /* CoreData.framework */ = {isa = PBXFileReference; lastKnownFileType = wrapper.framework; name = CoreData.framework; path = System/Library/Frameworks/CoreData.framework; sourceTree = SDKROOT; };
		C03A2C291F2F0BAF006E9B45 /* CoreGraphics.framework */ = {isa = PBXFileReference; lastKnownFileType = wrapper.framework; name = CoreGraphics.framework; path = System/Library/Frameworks/CoreGraphics.framework; sourceTree = SDKROOT; };
		C03A2C2B1F2F0BBE006E9B45 /* CoreLocation.framework */ = {isa = PBXFileReference; lastKnownFileType = wrapper.framework; name = CoreLocation.framework; path = System/Library/Frameworks/CoreLocation.framework; sourceTree = SDKROOT; };
		C03A2C2D1F2F0BD3006E9B45 /* CoreText.framework */ = {isa = PBXFileReference; lastKnownFileType = wrapper.framework; name = CoreText.framework; path = System/Library/Frameworks/CoreText.framework; sourceTree = SDKROOT; };
		C03A2C2F1F2F0BEE006E9B45 /* GLKit.framework */ = {isa = PBXFileReference; lastKnownFileType = wrapper.framework; name = GLKit.framework; path = System/Library/Frameworks/GLKit.framework; sourceTree = SDKROOT; };
		C03A2C311F2F0BFE006E9B45 /* ImageIO.framework */ = {isa = PBXFileReference; lastKnownFileType = wrapper.framework; name = ImageIO.framework; path = System/Library/Frameworks/ImageIO.framework; sourceTree = SDKROOT; };
		C03A2C331F2F0C1D006E9B45 /* libc++.tbd */ = {isa = PBXFileReference; lastKnownFileType = "sourcecode.text-based-dylib-definition"; name = "libc++.tbd"; path = "usr/lib/libc++.tbd"; sourceTree = SDKROOT; };
		C03A2C351F2F0C3B006E9B45 /* libz.tbd */ = {isa = PBXFileReference; lastKnownFileType = "sourcecode.text-based-dylib-definition"; name = libz.tbd; path = usr/lib/libz.tbd; sourceTree = SDKROOT; };
		C03A2C371F2F0C67006E9B45 /* OpenGLES.framework */ = {isa = PBXFileReference; lastKnownFileType = wrapper.framework; name = OpenGLES.framework; path = System/Library/Frameworks/OpenGLES.framework; sourceTree = SDKROOT; };
		C03A2C391F2F0C76006E9B45 /* QuartzCore.framework */ = {isa = PBXFileReference; lastKnownFileType = wrapper.framework; name = QuartzCore.framework; path = System/Library/Frameworks/QuartzCore.framework; sourceTree = SDKROOT; };
		C03A2C3B1F2F0C84006E9B45 /* SystemConfiguration.framework */ = {isa = PBXFileReference; lastKnownFileType = wrapper.framework; name = SystemConfiguration.framework; path = System/Library/Frameworks/SystemConfiguration.framework; sourceTree = SDKROOT; };
		C03A2C3D1F2F0C93006E9B45 /* UIKit.framework */ = {isa = PBXFileReference; lastKnownFileType = wrapper.framework; name = UIKit.framework; path = System/Library/Frameworks/UIKit.framework; sourceTree = SDKROOT; };
		C03A2C441F2F31FB006E9B45 /* ru */ = {isa = PBXFileReference; lastKnownFileType = text.plist.strings; name = ru; path = ru.lproj/InfoPlist.strings; sourceTree = "<group>"; };
		C04B61DA1F20E8FF0042AC92 /* ObjcExceptionBridging.framework */ = {isa = PBXFileReference; lastKnownFileType = wrapper.framework; name = ObjcExceptionBridging.framework; path = Carthage/Build/iOS/ObjcExceptionBridging.framework; sourceTree = "<group>"; };
		C04B61DB1F20E8FF0042AC92 /* XCGLogger.framework */ = {isa = PBXFileReference; lastKnownFileType = wrapper.framework; name = XCGLogger.framework; path = Carthage/Build/iOS/XCGLogger.framework; sourceTree = "<group>"; };
		C04B61E41F20EF050042AC92 /* winstrikeTests.xctest */ = {isa = PBXFileReference; explicitFileType = wrapper.cfbundle; includeInIndex = 0; path = winstrikeTests.xctest; sourceTree = BUILT_PRODUCTS_DIR; };
		C04B61E61F20EF050042AC92 /* winstrikeTests.swift */ = {isa = PBXFileReference; lastKnownFileType = sourcecode.swift; path = winstrikeTests.swift; sourceTree = "<group>"; };
		C04B61E81F20EF050042AC92 /* Info.plist */ = {isa = PBXFileReference; lastKnownFileType = text.plist.xml; path = Info.plist; sourceTree = "<group>"; };
		C07B88EC1F37361C0064E420 /* KeychainAccess.framework */ = {isa = PBXFileReference; lastKnownFileType = wrapper.framework; name = KeychainAccess.framework; path = Carthage/Build/iOS/KeychainAccess.framework; sourceTree = "<group>"; };
		C0826DB21F4324B60002DD65 /* Kingfisher.framework */ = {isa = PBXFileReference; lastKnownFileType = wrapper.framework; name = Kingfisher.framework; path = Carthage/Build/iOS/Kingfisher.framework; sourceTree = "<group>"; };
		C0A4AD631F2621DB0035EF69 /* RxMoya.framework */ = {isa = PBXFileReference; lastKnownFileType = wrapper.framework; name = RxMoya.framework; path = Carthage/Build/iOS/RxMoya.framework; sourceTree = "<group>"; };
		C0A4AD641F2621DB0035EF69 /* Moya.framework */ = {isa = PBXFileReference; lastKnownFileType = wrapper.framework; name = Moya.framework; path = Carthage/Build/iOS/Moya.framework; sourceTree = "<group>"; };
		C0A4AD651F2621DB0035EF69 /* Result.framework */ = {isa = PBXFileReference; lastKnownFileType = wrapper.framework; name = Result.framework; path = Carthage/Build/iOS/Result.framework; sourceTree = "<group>"; };
		C0A4AD661F2621DB0035EF69 /* Alamofire.framework */ = {isa = PBXFileReference; lastKnownFileType = wrapper.framework; name = Alamofire.framework; path = Carthage/Build/iOS/Alamofire.framework; sourceTree = "<group>"; };
		C0A4AD671F2621DB0035EF69 /* RxBlocking.framework */ = {isa = PBXFileReference; lastKnownFileType = wrapper.framework; name = RxBlocking.framework; path = Carthage/Build/iOS/RxBlocking.framework; sourceTree = "<group>"; };
		C0A4AD681F2621DB0035EF69 /* RxCocoa.framework */ = {isa = PBXFileReference; lastKnownFileType = wrapper.framework; name = RxCocoa.framework; path = Carthage/Build/iOS/RxCocoa.framework; sourceTree = "<group>"; };
		C0A4AD691F2621DB0035EF69 /* RxSwift.framework */ = {isa = PBXFileReference; lastKnownFileType = wrapper.framework; name = RxSwift.framework; path = Carthage/Build/iOS/RxSwift.framework; sourceTree = "<group>"; };
		C0B9D4611F1F8207009A77DD /* winstrike.app */ = {isa = PBXFileReference; explicitFileType = wrapper.application; includeInIndex = 0; path = winstrike.app; sourceTree = BUILT_PRODUCTS_DIR; };
		C0B9D4761F1FB8F6009A77DD /* Assets.xcassets */ = {isa = PBXFileReference; lastKnownFileType = folder.assetcatalog; path = Assets.xcassets; sourceTree = "<group>"; };
		C0EF8CA31F41913800AA4236 /* AVFoundation.framework */ = {isa = PBXFileReference; lastKnownFileType = wrapper.framework; name = AVFoundation.framework; path = System/Library/Frameworks/AVFoundation.framework; sourceTree = SDKROOT; };
		C0EF8CA51F41913F00AA4236 /* CoreMotion.framework */ = {isa = PBXFileReference; lastKnownFileType = wrapper.framework; name = CoreMotion.framework; path = System/Library/Frameworks/CoreMotion.framework; sourceTree = SDKROOT; };
		C0EF8CA71F41914A00AA4236 /* CoreMedia.framework */ = {isa = PBXFileReference; lastKnownFileType = wrapper.framework; name = CoreMedia.framework; path = System/Library/Frameworks/CoreMedia.framework; sourceTree = SDKROOT; };
		C6292FEEE27C07BAC9D12B75 /* SplashPresenter.swift */ = {isa = PBXFileReference; includeInIndex = 1; lastKnownFileType = sourcecode.swift; path = SplashPresenter.swift; sourceTree = "<group>"; };
		CBC8A918970FD74760406682 /* SplashInteractorInputOutput.swift */ = {isa = PBXFileReference; includeInIndex = 1; lastKnownFileType = sourcecode.swift; path = SplashInteractorInputOutput.swift; sourceTree = "<group>"; };
		CE234B451FBEF31700EC4BAA /* SimpleNewsHeader.swift */ = {isa = PBXFileReference; lastKnownFileType = sourcecode.swift; path = SimpleNewsHeader.swift; sourceTree = "<group>"; };
		CED4EA031FAAF8D500E7F58B /* CollectionCell.swift */ = {isa = PBXFileReference; lastKnownFileType = sourcecode.swift; path = CollectionCell.swift; sourceTree = "<group>"; };
		CEE0A9481F988546006E6D9B /* RolesCell.swift */ = {isa = PBXFileReference; lastKnownFileType = sourcecode.swift; path = RolesCell.swift; sourceTree = "<group>"; };
		CEF831C31FA9B297002CBAD3 /* HeaderCollectionsView.swift */ = {isa = PBXFileReference; lastKnownFileType = sourcecode.swift; path = HeaderCollectionsView.swift; sourceTree = "<group>"; };
		E710B0E529AC5ABDB11F3773 /* SplashViewController.swift */ = {isa = PBXFileReference; includeInIndex = 1; lastKnownFileType = sourcecode.swift; path = SplashViewController.swift; sourceTree = "<group>"; };
		F1DD7ED06575C670A0707ECC /* SplashViewInputOutput.swift */ = {isa = PBXFileReference; includeInIndex = 1; lastKnownFileType = sourcecode.swift; path = SplashViewInputOutput.swift; sourceTree = "<group>"; };
		FA9B00CE1F251C7A002A57A8 /* Dip.framework */ = {isa = PBXFileReference; lastKnownFileType = wrapper.framework; name = Dip.framework; path = Carthage/Build/iOS/Dip.framework; sourceTree = "<group>"; };
/* End PBXFileReference section */

/* Begin PBXFrameworksBuildPhase section */
		C04B61E11F20EF050042AC92 /* Frameworks */ = {
			isa = PBXFrameworksBuildPhase;
			buildActionMask = 2147483647;
			files = (
			);
			runOnlyForDeploymentPostprocessing = 0;
		};
		C0B9D45E1F1F8207009A77DD /* Frameworks */ = {
			isa = PBXFrameworksBuildPhase;
			buildActionMask = 2147483647;
			files = (
				C0A4AD6B1F2621DB0035EF69 /* RxMoya.framework in Frameworks */,
				C0A4AD6D1F2621DB0035EF69 /* Result.framework in Frameworks */,
				C04B61DC1F20E9000042AC92 /* ObjcExceptionBridging.framework in Frameworks */,
				FA9B00CF1F251C7A002A57A8 /* Dip.framework in Frameworks */,
				C07B88ED1F37361C0064E420 /* KeychainAccess.framework in Frameworks */,
				C0A4AD6C1F2621DB0035EF69 /* Moya.framework in Frameworks */,
				C0005F051F338B7400410A74 /* ObjectMapper.framework in Frameworks */,
				C0A4AD711F2621DB0035EF69 /* RxSwift.framework in Frameworks */,
				C04B61DD1F20E9000042AC92 /* XCGLogger.framework in Frameworks */,
				C0A4AD6E1F2621DB0035EF69 /* Alamofire.framework in Frameworks */,
				C0A4AD701F2621DB0035EF69 /* RxCocoa.framework in Frameworks */,
				C0A4AD6F1F2621DB0035EF69 /* RxBlocking.framework in Frameworks */,
				C03A2C261F2F0B6D006E9B45 /* Accelerate.framework in Frameworks */,
				C03A2C281F2F0B99006E9B45 /* CoreData.framework in Frameworks */,
				C03A2C2A1F2F0BAF006E9B45 /* CoreGraphics.framework in Frameworks */,
				C03A2C2C1F2F0BBE006E9B45 /* CoreLocation.framework in Frameworks */,
				C03A2C2E1F2F0BD3006E9B45 /* CoreText.framework in Frameworks */,
				C03A2C301F2F0BEE006E9B45 /* GLKit.framework in Frameworks */,
				C03A2C321F2F0BFE006E9B45 /* ImageIO.framework in Frameworks */,
				C03A2C341F2F0C1D006E9B45 /* libc++.tbd in Frameworks */,
				C03A2C361F2F0C3B006E9B45 /* libz.tbd in Frameworks */,
				C03A2C381F2F0C67006E9B45 /* OpenGLES.framework in Frameworks */,
				C03A2C3A1F2F0C76006E9B45 /* QuartzCore.framework in Frameworks */,
				C03A2C3C1F2F0C84006E9B45 /* SystemConfiguration.framework in Frameworks */,
				C0826DB31F4324B60002DD65 /* Kingfisher.framework in Frameworks */,
				C03A2C3E1F2F0C93006E9B45 /* UIKit.framework in Frameworks */,
			);
			runOnlyForDeploymentPostprocessing = 0;
		};
/* End PBXFrameworksBuildPhase section */

/* Begin PBXGroup section */
		0410D8881F600627001F14A7 /* Transforms */ = {
			isa = PBXGroup;
			children = (
				0410D88A1F600695001F14A7 /* DateTransform.swift */,
			);
			path = Transforms;
			sourceTree = "<group>";
		};
		04A661991F6B890A0032A491 /* Common */ = {
			isa = PBXGroup;
			children = (
				9BB4E8FDE9B0060E2026B5FE /* ParentViewController.swift */,
				9BB4E9BD8F5F2C8F01F57A7B /* BaseRouterInput.swift */,
				04A6619B1F6B89BF0032A491 /* ViewHelpers.swift */,
				8107F7ED1FD7F1C90067DFD2 /* Constants.swift */,
				813D863B1FEA78CF0026327B /* StatusBarAlertManager.swift */,
			);
			path = Common;
			sourceTree = "<group>";
		};
		2505E8ADE088264EE72B02CA /* Splash */ = {
			isa = PBXGroup;
			children = (
				F38E65D313C15D6C69BAB8AE /* Configurator */,
				F7A02064C3433D9D7CAF94EA /* Interactor */,
				91A53BD91E8B9D9B1E0535C0 /* Presenter */,
				FA6453DF61E3F5B46BB800F5 /* Router */,
				286B88FD0716DE7302982360 /* View */,
			);
			path = Splash;
			sourceTree = "<group>";
		};
		286B88FD0716DE7302982360 /* View */ = {
			isa = PBXGroup;
			children = (
				E710B0E529AC5ABDB11F3773 /* SplashViewController.swift */,
				F1DD7ED06575C670A0707ECC /* SplashViewInputOutput.swift */,
			);
			path = View;
			sourceTree = "<group>";
		};
		3361E4921F54A4DA00ECF276 /* PhoneNumberFormatter */ = {
			isa = PBXGroup;
			children = (
				3361E4931F54A4DA00ECF276 /* PhoneNumberFormatter.swift */,
				3361E4941F54A4DA00ECF276 /* PhoneNumberFormatterImplementation.swift */,
			);
			path = PhoneNumberFormatter;
			sourceTree = "<group>";
		};
		338AD1A51F55508700717F3A /* LogoutManager */ = {
			isa = PBXGroup;
			children = (
				338AD1A61F5554C800717F3A /* LogoutManager.swift */,
				338AD1A81F5554DE00717F3A /* LogoutManagerImplementation.swift */,
			);
			path = LogoutManager;
			sourceTree = "<group>";
		};
		8157F166201771A3006C14A8 /* Animations */ = {
			isa = PBXGroup;
			children = (
				81C5ACF320121D8600E47430 /* data.json */,
				81C5ACF420121D8700E47430 /* lottie.js */,
			);
			path = Animations;
			sourceTree = "<group>";
		};
		91A53BD91E8B9D9B1E0535C0 /* Presenter */ = {
			isa = PBXGroup;
			children = (
				34F4D5FD04DE2D8682E496BB /* SplashModuleInputOutput.swift */,
				C6292FEEE27C07BAC9D12B75 /* SplashPresenter.swift */,
			);
			path = Presenter;
			sourceTree = "<group>";
		};
		9BB4E057846637BB4FFED100 /* Modules */ = {
			isa = PBXGroup;
			children = (
				2505E8ADE088264EE72B02CA /* Splash */,
			);
			path = Modules;
			sourceTree = "<group>";
		};
		9BB4E1AA6332D4610A7212B6 /* FlowControllers */ = {
			isa = PBXGroup;
			children = (
				9BB4EB89F1C2915FAAD25EBE /* FlowControllerProtocol.swift */,
				9BB4E29AB133430863BCBB90 /* NavigationFlowController.swift */,
				9BB4EF41AB288F4BE5D309A1 /* NavigationBarDecorator.swift */,
			);
			path = FlowControllers;
			sourceTree = "<group>";
		};
		9BB4E2B4891D577360868F48 /* Classes */ = {
			isa = PBXGroup;
			children = (
				9BB4EE7C65A17F9A5DDCEFE9 /* AppDelegate.swift */,
				04A661991F6B890A0032A491 /* Common */,
				9BB4ED4F3E113042E2F71FB8 /* Business */,
				9BB4E057846637BB4FFED100 /* Modules */,
				9BB4E826D7FD26246874FBAD /* UI */,
			);
			path = Classes;
			sourceTree = "<group>";
		};
		9BB4E2C47978976A0560E9E2 /* Stubs */ = {
			isa = PBXGroup;
			children = (
				9BB4EB0FDA36A97D1F8F9CEF /* restaurants.json */,
			);
			path = Stubs;
			sourceTree = "<group>";
		};
		9BB4E4BCE3CC60BBB929DB7C /* Common */ = {
			isa = PBXGroup;
			children = (
				9BB4E0CC998ED83A32A59AFA /* TextInputFilter.swift */,
			);
			path = Common;
			sourceTree = "<group>";
		};
		9BB4E775A3C81E4B9AAA98FB /* Factories */ = {
			isa = PBXGroup;
			children = (
				9BB4E0741704509FB13FD3C1 /* Containers.swift */,
			);
			path = Factories;
			sourceTree = "<group>";
		};
		9BB4E826D7FD26246874FBAD /* UI */ = {
			isa = PBXGroup;
			children = (
				CE234B441FBEF2D500EC4BAA /* TableViewHeaders */,
				CE9C39371FBD696800EF8AA5 /* TableViewCell */,
				CEF831C21FA9B267002CBAD3 /* Collections */,
				9BB4E4BCE3CC60BBB929DB7C /* Common */,
				9BB4ED536571CD2386BF21E7 /* UIHelpers */,
				9BB4EE01EF6F6E0126F4FAA8 /* Views */,
			);
			path = UI;
			sourceTree = "<group>";
		};
		9BB4E8FFCE9D6E3E3ED2B0DD /* Models */ = {
			isa = PBXGroup;
			children = (
				9BB4E9EBE0947D83E6592724 /* Responses */,
				9BB4E6805806AD51A6AB5599 /* Restaurant.swift */,
				0410D8881F600627001F14A7 /* Transforms */,
			);
			path = Models;
			sourceTree = "<group>";
		};
		9BB4E9387922F9906A50C58D /* Managers */ = {
			isa = PBXGroup;
			children = (
				338AD1A51F55508700717F3A /* LogoutManager */,
				3361E4921F54A4DA00ECF276 /* PhoneNumberFormatter */,
				9BB4EEB50318E41F6DCE7350 /* CrashReportManager.swift */,
				2DBA1F5248F4155F9593EE1C /* LogManager.swift */,
				0464ACE21F56F5A000D8D49A /* FirstLaunchManager.swift */,
			);
			path = Managers;
			sourceTree = "<group>";
		};
		9BB4E9EBE0947D83E6592724 /* Responses */ = {
			isa = PBXGroup;
			children = (
				9BB4E62F1D98D07B75A363C0 /* AuthCheckCodeResponse.swift */,
			);
			path = Responses;
			sourceTree = "<group>";
		};
		9BB4E9F5F4A7D0697B66190F /* Mapper */ = {
			isa = PBXGroup;
			children = (
				9BB4E9178096F52C7F1FC4B7 /* Observable+ObjectMapper.swift */,
				9BB4EDC1E07B4DFD3F426AC1 /* Response+ObjectMapper.swift */,
			);
			path = Mapper;
			sourceTree = "<group>";
		};
		9BB4EA91FFA55ACD13983447 /* Router */ = {
			isa = PBXGroup;
			children = (
				9BB4E4726C8040E442772E5F /* AppRouter.swift */,
				9BB4E3A03D86DB261C68BE03 /* LaunchManger.swift */,
			);
			path = Router;
			sourceTree = "<group>";
		};
		9BB4EBDB1B6385BC7486DF68 /* Constants */ = {
			isa = PBXGroup;
			children = (
				9BB4EF5E75C54D43ADD9AA1C /* Configurations.swift */,
				9BB4E1154A4817FA8FA36935 /* Images.swift */,
				9BB4EA1FC07CECE70719D3C7 /* Strings.swift */,
				9BB4EA68787D21B34997A066 /* Colors.swift */,
				2DBA1117036D8B7E596B4703 /* Fonts.swift */,
			);
			path = Constants;
			sourceTree = "<group>";
		};
		9BB4ED4F3E113042E2F71FB8 /* Business */ = {
			isa = PBXGroup;
			children = (
				9BB4EBDB1B6385BC7486DF68 /* Constants */,
				9BB4E775A3C81E4B9AAA98FB /* Factories */,
				9BB4E1AA6332D4610A7212B6 /* FlowControllers */,
				9BB4E9387922F9906A50C58D /* Managers */,
				9BB4EA91FFA55ACD13983447 /* Router */,
				9BB4EE7A3ABD71B7C5BF6A04 /* Network */,
				9BB4E9F5F4A7D0697B66190F /* Mapper */,
				9BB4E8FFCE9D6E3E3ED2B0DD /* Models */,
				9BB4EE2BDA845E26296C8669 /* Formatters */,
			);
			path = Business;
			sourceTree = "<group>";
		};
		9BB4ED536571CD2386BF21E7 /* UIHelpers */ = {
			isa = PBXGroup;
			children = (
				9BB4E66B2960008253DFBB5A /* UIHelpers.swift */,
				9BB4EA0F7D743A0F111B4375 /* LayoutMagic.swift */,
			);
			path = UIHelpers;
			sourceTree = "<group>";
		};
		9BB4EE01EF6F6E0126F4FAA8 /* Views */ = {
			isa = PBXGroup;
			children = (
				8108762C1FF13CE300996554 /* StubsView.swift */,
			);
			path = Views;
			sourceTree = "<group>";
		};
		9BB4EE2BDA845E26296C8669 /* Formatters */ = {
			isa = PBXGroup;
			children = (
				9BB4E0DA5EDD4BB01D3CE4A3 /* Formatters.swift */,
			);
			path = Formatters;
			sourceTree = "<group>";
		};
		9BB4EE7A3ABD71B7C5BF6A04 /* Network */ = {
			isa = PBXGroup;
			children = (
				9BB4E193C21B115212DCD009 /* FoodleTarget.swift */,
				9BB4E2C47978976A0560E9E2 /* Stubs */,
				9BB4E11B5EB6237E3B466875 /* ProviderError.swift */,
				9BB4EED6E2659E4C696CCF34 /* AuthTokenManager.swift */,
				9BB4E4CCB9AE6E5FB278B961 /* AuthTokenMoyaPlugin.swift */,
				9BB4E23DB7E875222F687BDE /* Responses.swift */,
				813D863D1FEA83AB0026327B /* MessageError.swift */,
			);
			path = Network;
			sourceTree = "<group>";
		};
		9BB4EF0AA7B67D2CEC1286F2 /* Resources */ = {
			isa = PBXGroup;
			children = (
				8157F166201771A3006C14A8 /* Animations */,
				C0B9D4761F1FB8F6009A77DD /* Assets.xcassets */,
				9BB4E25D00D1646FF675487D /* Info.plist */,
				C0047BBA1F20C33D0073544B /* Localizable.strings */,
				C03A2C451F2F31FB006E9B45 /* InfoPlist.strings */,
				33C656501F4C261000594E47 /* Localizable.stringsdict */,
			);
			path = Resources;
			sourceTree = "<group>";
		};
		C04B61DE1F20E9050042AC92 /* Frameworks */ = {
			isa = PBXGroup;
			children = (
				8159D0D220065508006CF82B /* Bolts.framework */,
				C0826DB21F4324B60002DD65 /* Kingfisher.framework */,
				C0EF8CA71F41914A00AA4236 /* CoreMedia.framework */,
				C0EF8CA51F41913F00AA4236 /* CoreMotion.framework */,
				C0EF8CA31F41913800AA4236 /* AVFoundation.framework */,
				C07B88EC1F37361C0064E420 /* KeychainAccess.framework */,
				C0005F041F338B7400410A74 /* ObjectMapper.framework */,
				C03A2C3D1F2F0C93006E9B45 /* UIKit.framework */,
				C03A2C3B1F2F0C84006E9B45 /* SystemConfiguration.framework */,
				C03A2C391F2F0C76006E9B45 /* QuartzCore.framework */,
				C03A2C371F2F0C67006E9B45 /* OpenGLES.framework */,
				C03A2C351F2F0C3B006E9B45 /* libz.tbd */,
				C03A2C331F2F0C1D006E9B45 /* libc++.tbd */,
				C03A2C311F2F0BFE006E9B45 /* ImageIO.framework */,
				C03A2C2F1F2F0BEE006E9B45 /* GLKit.framework */,
				C03A2C2D1F2F0BD3006E9B45 /* CoreText.framework */,
				C03A2C2B1F2F0BBE006E9B45 /* CoreLocation.framework */,
				C03A2C291F2F0BAF006E9B45 /* CoreGraphics.framework */,
				C03A2C271F2F0B99006E9B45 /* CoreData.framework */,
				C03A2C251F2F0B6D006E9B45 /* Accelerate.framework */,
				C0A4AD631F2621DB0035EF69 /* RxMoya.framework */,
				C0A4AD641F2621DB0035EF69 /* Moya.framework */,
				C0A4AD651F2621DB0035EF69 /* Result.framework */,
				C0A4AD661F2621DB0035EF69 /* Alamofire.framework */,
				C0A4AD671F2621DB0035EF69 /* RxBlocking.framework */,
				C0A4AD681F2621DB0035EF69 /* RxCocoa.framework */,
				C0A4AD691F2621DB0035EF69 /* RxSwift.framework */,
				FA9B00CE1F251C7A002A57A8 /* Dip.framework */,
				C04B61DA1F20E8FF0042AC92 /* ObjcExceptionBridging.framework */,
				C04B61DB1F20E8FF0042AC92 /* XCGLogger.framework */,
			);
			name = Frameworks;
			sourceTree = "<group>";
		};
		C04B61E51F20EF050042AC92 /* winstrikeTests */ = {
			isa = PBXGroup;
			children = (
				C04B61E61F20EF050042AC92 /* winstrikeTests.swift */,
				C04B61E81F20EF050042AC92 /* Info.plist */,
			);
			path = winstrikeTests;
			sourceTree = "<group>";
		};
		C0B9D4581F1F8207009A77DD = {
			isa = PBXGroup;
			children = (
				C0B9D4631F1F8207009A77DD /* winstrike */,
				C04B61E51F20EF050042AC92 /* winstrikeTests */,
				C0B9D4621F1F8207009A77DD /* Products */,
				C04B61DE1F20E9050042AC92 /* Frameworks */,
			);
			sourceTree = "<group>";
		};
		C0B9D4621F1F8207009A77DD /* Products */ = {
			isa = PBXGroup;
			children = (
				C0B9D4611F1F8207009A77DD /* winstrike.app */,
				C04B61E41F20EF050042AC92 /* winstrikeTests.xctest */,
			);
			name = Products;
			sourceTree = "<group>";
		};
		C0B9D4631F1F8207009A77DD /* winstrike */ = {
			isa = PBXGroup;
			children = (
				9BB4E2B4891D577360868F48 /* Classes */,
				9BB4EF0AA7B67D2CEC1286F2 /* Resources */,
			);
			path = winstrike;
			sourceTree = "<group>";
		};
		CE234B441FBEF2D500EC4BAA /* TableViewHeaders */ = {
			isa = PBXGroup;
			children = (
				CE234B451FBEF31700EC4BAA /* SimpleNewsHeader.swift */,
			);
			path = TableViewHeaders;
			sourceTree = "<group>";
		};
		CE9C39371FBD696800EF8AA5 /* TableViewCell */ = {
			isa = PBXGroup;
			children = (
				CEE0A9481F988546006E6D9B /* RolesCell.swift */,
			);
			path = TableViewCell;
			sourceTree = "<group>";
		};
		CEF831C21FA9B267002CBAD3 /* Collections */ = {
			isa = PBXGroup;
			children = (
				CEF831C31FA9B297002CBAD3 /* HeaderCollectionsView.swift */,
				CED4EA031FAAF8D500E7F58B /* CollectionCell.swift */,
			);
			path = Collections;
			sourceTree = "<group>";
		};
		F38E65D313C15D6C69BAB8AE /* Configurator */ = {
			isa = PBXGroup;
			children = (
				6407D7CABE7B69F5D1E79D8D /* SplashConfigurator.swift */,
			);
			path = Configurator;
			sourceTree = "<group>";
		};
		F7A02064C3433D9D7CAF94EA /* Interactor */ = {
			isa = PBXGroup;
			children = (
				0B4C5A0FFD0EA78C8B7C1746 /* SplashInteractor.swift */,
				CBC8A918970FD74760406682 /* SplashInteractorInputOutput.swift */,
			);
			path = Interactor;
			sourceTree = "<group>";
		};
		FA6453DF61E3F5B46BB800F5 /* Router */ = {
			isa = PBXGroup;
			children = (
				BCDCA63AACF27B11878F3875 /* SplashRouter.swift */,
				57B349894AFFDAAAB01F2EAA /* SplashRouterInput.swift */,
			);
			path = Router;
			sourceTree = "<group>";
		};
/* End PBXGroup section */

/* Begin PBXNativeTarget section */
		C04B61E31F20EF050042AC92 /* winstrikeTests */ = {
			isa = PBXNativeTarget;
			buildConfigurationList = C04B61EB1F20EF050042AC92 /* Build configuration list for PBXNativeTarget "winstrikeTests" */;
			buildPhases = (
				C04B61E01F20EF050042AC92 /* Sources */,
				C04B61E11F20EF050042AC92 /* Frameworks */,
				C04B61E21F20EF050042AC92 /* Resources */,
			);
			buildRules = (
			);
			dependencies = (
				C04B61EA1F20EF050042AC92 /* PBXTargetDependency */,
			);
			name = winstrikeTests;
			productName = foodleTests;
			productReference = C04B61E41F20EF050042AC92 /* winstrikeTests.xctest */;
			productType = "com.apple.product-type.bundle.unit-test";
		};
		C0B9D4601F1F8207009A77DD /* winstrike */ = {
			isa = PBXNativeTarget;
			buildConfigurationList = C0B9D4731F1F8207009A77DD /* Build configuration list for PBXNativeTarget "winstrike" */;
			buildPhases = (
				C08D45AF1F287A3F00731F88 /* SwiftGen */,
				C04B61F31F2111460042AC92 /* SwiftLint */,
				C0B9D45D1F1F8207009A77DD /* Sources */,
				C0B9D45E1F1F8207009A77DD /* Frameworks */,
				C0B9D45F1F1F8207009A77DD /* Resources */,
				C04B61DF1F20E9240042AC92 /* Carthage */,
			);
			buildRules = (
			);
			dependencies = (
			);
			name = winstrike;
			productName = cinema;
			productReference = C0B9D4611F1F8207009A77DD /* winstrike.app */;
			productType = "com.apple.product-type.application";
		};
/* End PBXNativeTarget section */

/* Begin PBXProject section */
		C0B9D4591F1F8207009A77DD /* Project object */ = {
			isa = PBXProject;
			attributes = {
				LastSwiftUpdateCheck = 0830;
				LastUpgradeCheck = 0920;
				ORGANIZATIONNAME = PR_Solution;
				TargetAttributes = {
					C04B61E31F20EF050042AC92 = {
						CreatedOnToolsVersion = 8.3.3;
						ProvisioningStyle = Manual;
						TestTargetID = C0B9D4601F1F8207009A77DD;
					};
					C0B9D4601F1F8207009A77DD = {
						CreatedOnToolsVersion = 8.3.3;
						DevelopmentTeam = R82X32X6B7;
						LastSwiftMigration = 0920;
						ProvisioningStyle = Automatic;
					};
				};
			};
			buildConfigurationList = C0B9D45C1F1F8207009A77DD /* Build configuration list for PBXProject "winstrike" */;
			compatibilityVersion = "Xcode 3.2";
			developmentRegion = English;
			hasScannedForEncodings = 0;
			knownRegions = (
				ru,
				"ru-RU",
				en,
				de,
			);
			mainGroup = C0B9D4581F1F8207009A77DD;
			productRefGroup = C0B9D4621F1F8207009A77DD /* Products */;
			projectDirPath = "";
			projectRoot = "";
			targets = (
				C0B9D4601F1F8207009A77DD /* winstrike */,
				C04B61E31F20EF050042AC92 /* winstrikeTests */,
			);
		};
/* End PBXProject section */

/* Begin PBXResourcesBuildPhase section */
		C04B61E21F20EF050042AC92 /* Resources */ = {
			isa = PBXResourcesBuildPhase;
			buildActionMask = 2147483647;
			files = (
			);
			runOnlyForDeploymentPostprocessing = 0;
		};
		C0B9D45F1F1F8207009A77DD /* Resources */ = {
			isa = PBXResourcesBuildPhase;
			buildActionMask = 2147483647;
			files = (
				81C5ACFB20122FFF00E47430 /* data.json in Resources */,
				81C5ACF820121D8700E47430 /* lottie.js in Resources */,
				C03A2C431F2F31FB006E9B45 /* InfoPlist.strings in Resources */,
				C0047BB81F20C33D0073544B /* Localizable.strings in Resources */,
				C0B9D4771F1FB8F6009A77DD /* Assets.xcassets in Resources */,
				33C656511F4C261000594E47 /* Localizable.stringsdict in Resources */,
			);
			runOnlyForDeploymentPostprocessing = 0;
		};
/* End PBXResourcesBuildPhase section */

/* Begin PBXShellScriptBuildPhase section */
		C04B61DF1F20E9240042AC92 /* Carthage */ = {
			isa = PBXShellScriptBuildPhase;
			buildActionMask = 2147483647;
			files = (
			);
			inputPaths = (
				"$(SRCROOT)/Carthage/Build/iOS/XCGLogger.framework",
				"$(SRCROOT)/Carthage/Build/iOS/ObjcExceptionBridging.framework",
				"$(SRCROOT)/Carthage/Build/iOS/Dip.framework",
				"$(SRCROOT)/Carthage/Build/iOS/Moya.framework",
				"$(SRCROOT)/Carthage/Build/iOS/Result.framework",
				"$(SRCROOT)/Carthage/Build/iOS/Alamofire.framework",
				"$(SRCROOT)/Carthage/Build/iOS/RxMoya.framework",
				"$(SRCROOT)/Carthage/Build/iOS/RxSwift.framework",
				"$(SRCROOT)/Carthage/Build/iOS/RxCocoa.framework",
				"$(SRCROOT)/Carthage/Build/iOS/RxBlocking.framework",
				"$(SRCROOT)/Carthage/Build/iOS/ObjectMapper.framework",
				"$(SRCROOT)/Carthage/Build/iOS/KeychainAccess.framework",
				"$(SRCROOT)/Carthage/Build/iOS/Kingfisher.framework",
				"$(SRCROOT)/Carthage/Build/iOS/InputMask.framework",
				"$(SRCROOT)/Carthage/Build/iOS/Lottie.framework",
			);
			name = Carthage;
			outputPaths = (
				"$(BUILT_PRODUCTS_DIR)/$(FRAMEWORKS_FOLDER_PATH)/XCGLogger.framework",
				"$(BUILT_PRODUCTS_DIR)/$(FRAMEWORKS_FOLDER_PATH)/ObjcExceptionBridging.framework",
				"$(BUILT_PRODUCTS_DIR)/$(FRAMEWORKS_FOLDER_PATH)/Dip.framework",
				"$(BUILT_PRODUCTS_DIR)/$(FRAMEWORKS_FOLDER_PATH)/Moya.framework",
				"$(BUILT_PRODUCTS_DIR)/$(FRAMEWORKS_FOLDER_PATH)/Result.framework",
				"$(BUILT_PRODUCTS_DIR)/$(FRAMEWORKS_FOLDER_PATH)/Alamofire.framework",
				"$(BUILT_PRODUCTS_DIR)/$(FRAMEWORKS_FOLDER_PATH)/RxMoya.framework",
				"$(BUILT_PRODUCTS_DIR)/$(FRAMEWORKS_FOLDER_PATH)/RxSwift.framework",
				"$(BUILT_PRODUCTS_DIR)/$(FRAMEWORKS_FOLDER_PATH)/RxCocoa.framework",
				"$(BUILT_PRODUCTS_DIR)/$(FRAMEWORKS_FOLDER_PATH)/RxBlocking.framework",
				"$(BUILT_PRODUCTS_DIR)/$(FRAMEWORKS_FOLDER_PATH)/ObjectMapper.framework",
				"$(BUILT_PRODUCTS_DIR)/$(FRAMEWORKS_FOLDER_PATH)/KeychainAccess.framework",
				"$(BUILT_PRODUCTS_DIR)/$(FRAMEWORKS_FOLDER_PATH)/Kingfisher.framework",
				"$(BUILT_PRODUCTS_DIR)/$(FRAMEWORKS_FOLDER_PATH)/InputMask.framework",
				"$(BUILT_PRODUCTS_DIR)/$(FRAMEWORKS_FOLDER_PATH)/Lottie.framework",
			);
			runOnlyForDeploymentPostprocessing = 0;
			shellPath = /bin/sh;
			shellScript = "/usr/local/bin/carthage copy-frameworks";
		};
		C04B61F31F2111460042AC92 /* SwiftLint */ = {
			isa = PBXShellScriptBuildPhase;
			buildActionMask = 2147483647;
			files = (
			);
			inputPaths = (
			);
			name = SwiftLint;
			outputPaths = (
			);
			runOnlyForDeploymentPostprocessing = 0;
			shellPath = /bin/sh;
			shellScript = "if [ \"${CONFIGURATION}\" = \"Debug\" ]; then\n    if which swiftlint >/dev/null; then\n        swiftlint\n    else\n        echo \"warning: SwiftLint not installed, download from https://github.com/realm/SwiftLint\"\n    fi\nfi";
		};
		C08D45AF1F287A3F00731F88 /* SwiftGen */ = {
			isa = PBXShellScriptBuildPhase;
			buildActionMask = 2147483647;
			files = (
			);
			inputPaths = (
			);
			name = SwiftGen;
			outputPaths = (
			);
			runOnlyForDeploymentPostprocessing = 0;
			shellPath = /bin/sh;
			shellScript = "if [ \"$CONFIGURATION\" == \"Debug\" ]; then\n    if which swiftgen >/dev/null; then\n        swiftgen xcassets -t swift3 ./winstrike/Resources/Assets.xcassets --output \"winstrike/Classes/Business/Constants/Images.swift\"\n        swiftgen strings -t structured-swift3 ./winstrike/Resources/ru.lproj/Localizable.strings --output \"winstrike/Classes/Business/Constants/Strings.swift\"\n    else\n        echo \"warning: SwiftGen not installed, download it from https://github.com/AliSoftware/SwiftGen\"\n    fi\nelse\n    echo \"Skip SwiftGen script\"\nfi";
		};
/* End PBXShellScriptBuildPhase section */

/* Begin PBXSourcesBuildPhase section */
		C04B61E01F20EF050042AC92 /* Sources */ = {
			isa = PBXSourcesBuildPhase;
			buildActionMask = 2147483647;
			files = (
				C04B61E71F20EF050042AC92 /* winstrikeTests.swift in Sources */,
			);
			runOnlyForDeploymentPostprocessing = 0;
		};
		C0B9D45D1F1F8207009A77DD /* Sources */ = {
			isa = PBXSourcesBuildPhase;
			buildActionMask = 2147483647;
			files = (
				813D863E1FEA83AB0026327B /* MessageError.swift in Sources */,
				9BB4EE643D7AB8FF33E4C138 /* AppDelegate.swift in Sources */,
				9BB4EF4A84B7977863DF8BC1 /* CrashReportManager.swift in Sources */,
				9BB4EDA09342D38FD63BC04C /* FlowControllerProtocol.swift in Sources */,
				2DBA1619AFA28CC3A2C7FEE8 /* LogManager.swift in Sources */,
				9BB4EA49B4F4141A984F198B /* Containers.swift in Sources */,
				9BB4E675BCCB7BC81ED7568B /* AppRouter.swift in Sources */,
				9BB4EF0976EFF84ED230CDC0 /* LaunchManger.swift in Sources */,
				9BB4EF959CF4C87A7630C569 /* NavigationFlowController.swift in Sources */,
				3361E4961F54A4DA00ECF276 /* PhoneNumberFormatterImplementation.swift in Sources */,
				9BB4E5BBB15F0C0078F876C8 /* NavigationBarDecorator.swift in Sources */,
				CE234B461FBEF31700EC4BAA /* SimpleNewsHeader.swift in Sources */,
				338AD1A91F5554DE00717F3A /* LogoutManagerImplementation.swift in Sources */,
				0464ACE31F56F5A000D8D49A /* FirstLaunchManager.swift in Sources */,
				04A6619C1F6B89BF0032A491 /* ViewHelpers.swift in Sources */,
				0410D88B1F600695001F14A7 /* DateTransform.swift in Sources */,
				9BB4E44D8DC293D80A5493B4 /* Configurations.swift in Sources */,
				9BB4E26D89A31E79BAFE6B36 /* Images.swift in Sources */,
				9BB4EC2F956B30A4509642DE /* Strings.swift in Sources */,
				9BB4E3F0DBB64B9E1751C4B5 /* Colors.swift in Sources */,
				2DBA1A63EA33E4B04C5CCC2E /* Fonts.swift in Sources */,
				9BB4EAC177088AA22DB9C31F /* FoodleTarget.swift in Sources */,
				9BB4E330C29F6CB1435CA47E /* Observable+ObjectMapper.swift in Sources */,
				9BB4E16B5EFDB6CBC8454850 /* Response+ObjectMapper.swift in Sources */,
				9BB4E87CA6162F664B0FAE21 /* ProviderError.swift in Sources */,
				8107F7EE1FD7F1C90067DFD2 /* Constants.swift in Sources */,
				9BB4E0163742B6C1DC140FBF /* TextInputFilter.swift in Sources */,
				9BB4E5492744BB6F8BD18ED6 /* ParentViewController.swift in Sources */,
				9BB4ED8DD3A72D2DEB67C582 /* AuthTokenManager.swift in Sources */,
				9BB4E73D0AE184ED48DEEC8C /* AuthCheckCodeResponse.swift in Sources */,
				9BB4EAAAD41D80585CE86398 /* AuthTokenMoyaPlugin.swift in Sources */,
				9BB4EFA0D786DBFA4111AF36 /* BaseRouterInput.swift in Sources */,
				9BB4E4E0A1AFE4FEA73E43C5 /* Restaurant.swift in Sources */,
				9BB4EA196D7A07F9B36FCFE1 /* UIHelpers.swift in Sources */,
				3361E4951F54A4DA00ECF276 /* PhoneNumberFormatter.swift in Sources */,
				9BB4E94C184BEFBC43554F82 /* LayoutMagic.swift in Sources */,
				338AD1A71F5554C800717F3A /* LogoutManager.swift in Sources */,
				9BB4E3AC8CC054013E48F2C5 /* Responses.swift in Sources */,
				9BB4E2D2E17EA5E6ED5DB0BF /* Formatters.swift in Sources */,
				CEE0A9491F988546006E6D9B /* RolesCell.swift in Sources */,
				CEF831C41FA9B297002CBAD3 /* HeaderCollectionsView.swift in Sources */,
				813D863C1FEA78CF0026327B /* StatusBarAlertManager.swift in Sources */,
				CED4EA041FAAF8D500E7F58B /* CollectionCell.swift in Sources */,
				8108762D1FF13CE300996554 /* StubsView.swift in Sources */,
				2216321A440ECB8A1A5A8E2F /* SplashConfigurator.swift in Sources */,
				A94909D30D1D65F87626EFDD /* SplashInteractor.swift in Sources */,
				07C78A4481388F1339B64CB8 /* SplashInteractorInputOutput.swift in Sources */,
				A38174CEB232EBFB5FD4B31B /* SplashModuleInputOutput.swift in Sources */,
				E926E5EB594C1BB71810447D /* SplashPresenter.swift in Sources */,
				99241F5B793E63806B03F3B3 /* SplashRouter.swift in Sources */,
				E6ED717462B8C4B94E25A83E /* SplashRouterInput.swift in Sources */,
				E17F85E542736C0D28993858 /* SplashViewController.swift in Sources */,
				33762FD8BD7C6DBDCDB59E88 /* SplashViewInputOutput.swift in Sources */,
			);
			runOnlyForDeploymentPostprocessing = 0;
		};
/* End PBXSourcesBuildPhase section */

/* Begin PBXTargetDependency section */
		C04B61EA1F20EF050042AC92 /* PBXTargetDependency */ = {
			isa = PBXTargetDependency;
			target = C0B9D4601F1F8207009A77DD /* winstrike */;
			targetProxy = C04B61E91F20EF050042AC92 /* PBXContainerItemProxy */;
		};
/* End PBXTargetDependency section */

/* Begin PBXVariantGroup section */
		C0047BBA1F20C33D0073544B /* Localizable.strings */ = {
			isa = PBXVariantGroup;
			children = (
				C0047BBB1F20C34A0073544B /* ru */,
			);
			name = Localizable.strings;
			sourceTree = "<group>";
		};
		C03A2C451F2F31FB006E9B45 /* InfoPlist.strings */ = {
			isa = PBXVariantGroup;
			children = (
				C03A2C441F2F31FB006E9B45 /* ru */,
			);
			name = InfoPlist.strings;
			sourceTree = "<group>";
		};
/* End PBXVariantGroup section */

/* Begin XCBuildConfiguration section */
		C04B61D61F20C6990042AC92 /* Prerelease */ = {
			isa = XCBuildConfiguration;
			buildSettings = {
				ALWAYS_SEARCH_USER_PATHS = NO;
				CLANG_ANALYZER_LOCALIZABILITY_NONLOCALIZED = YES;
				CLANG_ANALYZER_NONNULL = YES;
				CLANG_ANALYZER_NUMBER_OBJECT_CONVERSION = YES_AGGRESSIVE;
				CLANG_CXX_LANGUAGE_STANDARD = "gnu++0x";
				CLANG_CXX_LIBRARY = "libc++";
				CLANG_ENABLE_MODULES = YES;
				CLANG_ENABLE_OBJC_ARC = YES;
				CLANG_WARN_BLOCK_CAPTURE_AUTORELEASING = YES;
				CLANG_WARN_BOOL_CONVERSION = YES;
				CLANG_WARN_COMMA = YES;
				CLANG_WARN_CONSTANT_CONVERSION = YES;
				CLANG_WARN_DIRECT_OBJC_ISA_USAGE = YES_ERROR;
				CLANG_WARN_DOCUMENTATION_COMMENTS = YES;
				CLANG_WARN_EMPTY_BODY = YES;
				CLANG_WARN_ENUM_CONVERSION = YES;
				CLANG_WARN_INFINITE_RECURSION = YES;
				CLANG_WARN_INT_CONVERSION = YES;
				CLANG_WARN_NON_LITERAL_NULL_CONVERSION = YES;
				CLANG_WARN_OBJC_LITERAL_CONVERSION = YES;
				CLANG_WARN_OBJC_ROOT_CLASS = YES_ERROR;
				CLANG_WARN_RANGE_LOOP_ANALYSIS = YES;
				CLANG_WARN_STRICT_PROTOTYPES = YES;
				CLANG_WARN_SUSPICIOUS_MOVE = YES;
				CLANG_WARN_UNREACHABLE_CODE = YES;
				CLANG_WARN__DUPLICATE_METHOD_MATCH = YES;
				"CODE_SIGN_IDENTITY[sdk=iphoneos*]" = "iPhone Developer";
				COPY_PHASE_STRIP = NO;
				CURRENT_PROJECT_VERSION = 1;
				DEBUG_INFORMATION_FORMAT = "dwarf-with-dsym";
				ENABLE_NS_ASSERTIONS = NO;
				ENABLE_STRICT_OBJC_MSGSEND = YES;
				GCC_C_LANGUAGE_STANDARD = gnu99;
				GCC_NO_COMMON_BLOCKS = YES;
				GCC_WARN_64_TO_32_BIT_CONVERSION = YES;
				GCC_WARN_ABOUT_RETURN_TYPE = YES_ERROR;
				GCC_WARN_UNDECLARED_SELECTOR = YES;
				GCC_WARN_UNINITIALIZED_AUTOS = YES_AGGRESSIVE;
				GCC_WARN_UNUSED_FUNCTION = YES;
				GCC_WARN_UNUSED_VARIABLE = YES;
				IPHONEOS_DEPLOYMENT_TARGET = 10.0;
				MTL_ENABLE_DEBUG_INFO = NO;
				OTHER_LDFLAGS = "-ObjC";
				OTHER_SWIFT_FLAGS = "-D PRERELEASE";
				PRODUCT_NAME = winstrike;
				SDKROOT = iphoneos;
				SWIFT_OPTIMIZATION_LEVEL = "-Owholemodule";
				VALIDATE_PRODUCT = YES;
				VERSIONING_SYSTEM = "apple-generic";
			};
			name = Prerelease;
		};
		C04B61D71F20C6990042AC92 /* Prerelease */ = {
			isa = XCBuildConfiguration;
			buildSettings = {
				ASSETCATALOG_COMPILER_APPICON_NAME = AppIcon;
				ASSETCATALOG_COMPILER_LAUNCHIMAGE_NAME = LaunchImage;
				"CODE_SIGN_IDENTITY[sdk=iphoneos*]" = "iPhone Developer";
				CODE_SIGN_STYLE = Automatic;
				DEVELOPMENT_TEAM = R82X32X6B7;
				ENABLE_BITCODE = YES;
				FRAMEWORK_SEARCH_PATHS = (
					"$(inherited)",
					"$(PROJECT_DIR)/Carthage/Build/iOS",
					"$(PROJECT_DIR)",
				);
				INFOPLIST_FILE = "$(SRCROOT)/winstrike/Resources/Info.plist";
				IPHONEOS_DEPLOYMENT_TARGET = 10.3;
				LD_RUNPATH_SEARCH_PATHS = "$(inherited) @executable_path/Frameworks";
				PRODUCT_BUNDLE_IDENTIFIER = ru.prsolution.winstrike;
				PRODUCT_NAME = winstrike;
				PROVISIONING_PROFILE = "";
				PROVISIONING_PROFILE_SPECIFIER = "";
				SWIFT_SWIFT3_OBJC_INFERENCE = Default;
				SWIFT_VERSION = 4.0;
				TARGETED_DEVICE_FAMILY = 1;
			};
			name = Prerelease;
		};
		C04B61D81F20C69B0042AC92 /* Release */ = {
			isa = XCBuildConfiguration;
			buildSettings = {
				ALWAYS_SEARCH_USER_PATHS = NO;
				CLANG_ANALYZER_LOCALIZABILITY_NONLOCALIZED = YES;
				CLANG_ANALYZER_NONNULL = YES;
				CLANG_ANALYZER_NUMBER_OBJECT_CONVERSION = YES_AGGRESSIVE;
				CLANG_CXX_LANGUAGE_STANDARD = "gnu++0x";
				CLANG_CXX_LIBRARY = "libc++";
				CLANG_ENABLE_MODULES = YES;
				CLANG_ENABLE_OBJC_ARC = YES;
				CLANG_WARN_BLOCK_CAPTURE_AUTORELEASING = YES;
				CLANG_WARN_BOOL_CONVERSION = YES;
				CLANG_WARN_COMMA = YES;
				CLANG_WARN_CONSTANT_CONVERSION = YES;
				CLANG_WARN_DIRECT_OBJC_ISA_USAGE = YES_ERROR;
				CLANG_WARN_DOCUMENTATION_COMMENTS = YES;
				CLANG_WARN_EMPTY_BODY = YES;
				CLANG_WARN_ENUM_CONVERSION = YES;
				CLANG_WARN_INFINITE_RECURSION = YES;
				CLANG_WARN_INT_CONVERSION = YES;
				CLANG_WARN_NON_LITERAL_NULL_CONVERSION = YES;
				CLANG_WARN_OBJC_LITERAL_CONVERSION = YES;
				CLANG_WARN_OBJC_ROOT_CLASS = YES_ERROR;
				CLANG_WARN_RANGE_LOOP_ANALYSIS = YES;
				CLANG_WARN_STRICT_PROTOTYPES = YES;
				CLANG_WARN_SUSPICIOUS_MOVE = YES;
				CLANG_WARN_UNREACHABLE_CODE = YES;
				CLANG_WARN__DUPLICATE_METHOD_MATCH = YES;
				"CODE_SIGN_IDENTITY[sdk=iphoneos*]" = "iPhone Developer";
				COPY_PHASE_STRIP = NO;
				CURRENT_PROJECT_VERSION = 1;
				DEBUG_INFORMATION_FORMAT = "dwarf-with-dsym";
				ENABLE_NS_ASSERTIONS = NO;
				ENABLE_STRICT_OBJC_MSGSEND = YES;
				GCC_C_LANGUAGE_STANDARD = gnu99;
				GCC_NO_COMMON_BLOCKS = YES;
				GCC_WARN_64_TO_32_BIT_CONVERSION = YES;
				GCC_WARN_ABOUT_RETURN_TYPE = YES_ERROR;
				GCC_WARN_UNDECLARED_SELECTOR = YES;
				GCC_WARN_UNINITIALIZED_AUTOS = YES_AGGRESSIVE;
				GCC_WARN_UNUSED_FUNCTION = YES;
				GCC_WARN_UNUSED_VARIABLE = YES;
				IPHONEOS_DEPLOYMENT_TARGET = 10.0;
				MTL_ENABLE_DEBUG_INFO = NO;
				OTHER_LDFLAGS = "-ObjC";
				OTHER_SWIFT_FLAGS = "-D RELEASE";
				PRODUCT_NAME = winstrike;
				SDKROOT = iphoneos;
				SWIFT_OPTIMIZATION_LEVEL = "-Owholemodule";
				VALIDATE_PRODUCT = YES;
				VERSIONING_SYSTEM = "apple-generic";
			};
			name = Release;
		};
		C04B61D91F20C69B0042AC92 /* Release */ = {
			isa = XCBuildConfiguration;
			buildSettings = {
				ASSETCATALOG_COMPILER_APPICON_NAME = AppIcon;
				ASSETCATALOG_COMPILER_LAUNCHIMAGE_NAME = LaunchImage;
				"CODE_SIGN_IDENTITY[sdk=iphoneos*]" = "iPhone Developer";
				CODE_SIGN_STYLE = Automatic;
				DEVELOPMENT_TEAM = R82X32X6B7;
				ENABLE_BITCODE = YES;
				FRAMEWORK_SEARCH_PATHS = (
					"$(inherited)",
					"$(PROJECT_DIR)/Carthage/Build/iOS",
					"$(PROJECT_DIR)",
				);
				INFOPLIST_FILE = "$(SRCROOT)/winstrike/Resources/Info.plist";
				IPHONEOS_DEPLOYMENT_TARGET = 10.3;
				LD_RUNPATH_SEARCH_PATHS = "$(inherited) @executable_path/Frameworks";
				PRODUCT_BUNDLE_IDENTIFIER = ru.prsolution.winstrike;
				PRODUCT_NAME = winstrike;
				PROVISIONING_PROFILE = "";
				PROVISIONING_PROFILE_SPECIFIER = "";
				SWIFT_OPTIMIZATION_LEVEL = "-Owholemodule";
				SWIFT_SWIFT3_OBJC_INFERENCE = Default;
				SWIFT_VERSION = 4.0;
				TARGETED_DEVICE_FAMILY = 1;
			};
			name = Release;
		};
		C04B61EC1F20EF050042AC92 /* Debug */ = {
			isa = XCBuildConfiguration;
			buildSettings = {
				BUNDLE_LOADER = "$(TEST_HOST)";
				CODE_SIGN_STYLE = Manual;
				DEVELOPMENT_TEAM = "";
				FRAMEWORK_SEARCH_PATHS = (
					"$(inherited)",
					"$(PROJECT_DIR)/Vendor",
				);
				INFOPLIST_FILE = foodleTests/Info.plist;
				IPHONEOS_DEPLOYMENT_TARGET = 10.3;
				LD_RUNPATH_SEARCH_PATHS = "$(inherited) @executable_path/Frameworks @loader_path/Frameworks";
				PRODUCT_BUNDLE_IDENTIFIER = ru.handh.ios.foodleTests;
				PRODUCT_NAME = "$(TARGET_NAME)";
				PROVISIONING_PROFILE_SPECIFIER = "";
				SWIFT_VERSION = 3.0;
				TEST_HOST = "$(BUILT_PRODUCTS_DIR)/foodle.app/foodle";
			};
			name = Debug;
		};
		C04B61ED1F20EF050042AC92 /* Internal */ = {
			isa = XCBuildConfiguration;
			buildSettings = {
				BUNDLE_LOADER = "$(TEST_HOST)";
				CODE_SIGN_STYLE = Manual;
				DEVELOPMENT_TEAM = "";
				FRAMEWORK_SEARCH_PATHS = (
					"$(inherited)",
					"$(PROJECT_DIR)/Vendor",
				);
				INFOPLIST_FILE = foodleTests/Info.plist;
				IPHONEOS_DEPLOYMENT_TARGET = 10.3;
				LD_RUNPATH_SEARCH_PATHS = "$(inherited) @executable_path/Frameworks @loader_path/Frameworks";
				PRODUCT_BUNDLE_IDENTIFIER = ru.handh.ios.foodleTests;
				PRODUCT_NAME = "$(TARGET_NAME)";
				PROVISIONING_PROFILE_SPECIFIER = "";
				SWIFT_VERSION = 3.0;
				TEST_HOST = "$(BUILT_PRODUCTS_DIR)/foodle.app/foodle";
			};
			name = Internal;
		};
		C04B61EE1F20EF050042AC92 /* Prerelease */ = {
			isa = XCBuildConfiguration;
			buildSettings = {
				BUNDLE_LOADER = "$(TEST_HOST)";
				CODE_SIGN_STYLE = Manual;
				DEVELOPMENT_TEAM = "";
				FRAMEWORK_SEARCH_PATHS = (
					"$(inherited)",
					"$(PROJECT_DIR)/Vendor",
				);
				INFOPLIST_FILE = foodleTests/Info.plist;
				IPHONEOS_DEPLOYMENT_TARGET = 10.3;
				LD_RUNPATH_SEARCH_PATHS = "$(inherited) @executable_path/Frameworks @loader_path/Frameworks";
				PRODUCT_BUNDLE_IDENTIFIER = ru.handh.ios.foodleTests;
				PRODUCT_NAME = "$(TARGET_NAME)";
				PROVISIONING_PROFILE_SPECIFIER = "";
				SWIFT_VERSION = 3.0;
				TEST_HOST = "$(BUILT_PRODUCTS_DIR)/foodle.app/foodle";
			};
			name = Prerelease;
		};
		C04B61EF1F20EF050042AC92 /* Release */ = {
			isa = XCBuildConfiguration;
			buildSettings = {
				BUNDLE_LOADER = "$(TEST_HOST)";
				"CODE_SIGN_IDENTITY[sdk=iphoneos*]" = "iPhone Developer";
				CODE_SIGN_STYLE = Manual;
				DEVELOPMENT_TEAM = "";
				FRAMEWORK_SEARCH_PATHS = (
					"$(inherited)",
					"$(PROJECT_DIR)/Vendor",
				);
				INFOPLIST_FILE = foodleTests/Info.plist;
				IPHONEOS_DEPLOYMENT_TARGET = 10.3;
				LD_RUNPATH_SEARCH_PATHS = "$(inherited) @executable_path/Frameworks @loader_path/Frameworks";
				PRODUCT_BUNDLE_IDENTIFIER = ru.handh.ios.foodleTests;
				PRODUCT_NAME = "$(TARGET_NAME)";
				PROVISIONING_PROFILE_SPECIFIER = "";
				SWIFT_VERSION = 3.0;
				TEST_HOST = "$(BUILT_PRODUCTS_DIR)/foodle.app/foodle";
			};
			name = Release;
		};
		C0B9D4711F1F8207009A77DD /* Debug */ = {
			isa = XCBuildConfiguration;
			buildSettings = {
				ALWAYS_SEARCH_USER_PATHS = NO;
				CLANG_ANALYZER_LOCALIZABILITY_NONLOCALIZED = YES;
				CLANG_ANALYZER_NONNULL = YES;
				CLANG_ANALYZER_NUMBER_OBJECT_CONVERSION = YES_AGGRESSIVE;
				CLANG_CXX_LANGUAGE_STANDARD = "gnu++0x";
				CLANG_CXX_LIBRARY = "libc++";
				CLANG_ENABLE_MODULES = YES;
				CLANG_ENABLE_OBJC_ARC = YES;
				CLANG_WARN_BLOCK_CAPTURE_AUTORELEASING = YES;
				CLANG_WARN_BOOL_CONVERSION = YES;
				CLANG_WARN_COMMA = YES;
				CLANG_WARN_CONSTANT_CONVERSION = YES;
				CLANG_WARN_DIRECT_OBJC_ISA_USAGE = YES_ERROR;
				CLANG_WARN_DOCUMENTATION_COMMENTS = YES;
				CLANG_WARN_EMPTY_BODY = YES;
				CLANG_WARN_ENUM_CONVERSION = YES;
				CLANG_WARN_INFINITE_RECURSION = YES;
				CLANG_WARN_INT_CONVERSION = YES;
				CLANG_WARN_NON_LITERAL_NULL_CONVERSION = YES;
				CLANG_WARN_OBJC_LITERAL_CONVERSION = YES;
				CLANG_WARN_OBJC_ROOT_CLASS = YES_ERROR;
				CLANG_WARN_RANGE_LOOP_ANALYSIS = YES;
				CLANG_WARN_STRICT_PROTOTYPES = YES;
				CLANG_WARN_SUSPICIOUS_MOVE = YES;
				CLANG_WARN_UNREACHABLE_CODE = YES;
				CLANG_WARN__DUPLICATE_METHOD_MATCH = YES;
				"CODE_SIGN_IDENTITY[sdk=iphoneos*]" = "iPhone Developer";
				COPY_PHASE_STRIP = NO;
				CURRENT_PROJECT_VERSION = 1;
				DEBUG_INFORMATION_FORMAT = dwarf;
				ENABLE_STRICT_OBJC_MSGSEND = YES;
				ENABLE_TESTABILITY = YES;
				GCC_C_LANGUAGE_STANDARD = gnu99;
				GCC_DYNAMIC_NO_PIC = NO;
				GCC_NO_COMMON_BLOCKS = YES;
				GCC_OPTIMIZATION_LEVEL = 0;
				GCC_PREPROCESSOR_DEFINITIONS = (
					"DEBUG=1",
					"$(inherited)",
				);
				GCC_WARN_64_TO_32_BIT_CONVERSION = YES;
				GCC_WARN_ABOUT_RETURN_TYPE = YES_ERROR;
				GCC_WARN_UNDECLARED_SELECTOR = YES;
				GCC_WARN_UNINITIALIZED_AUTOS = YES_AGGRESSIVE;
				GCC_WARN_UNUSED_FUNCTION = YES;
				GCC_WARN_UNUSED_VARIABLE = YES;
				IPHONEOS_DEPLOYMENT_TARGET = 10.0;
				MTL_ENABLE_DEBUG_INFO = YES;
				ONLY_ACTIVE_ARCH = YES;
				OTHER_LDFLAGS = "-ObjC";
				OTHER_SWIFT_FLAGS = "-D DEBUG";
				PRODUCT_NAME = winstrike;
				SDKROOT = iphoneos;
				SWIFT_ACTIVE_COMPILATION_CONDITIONS = DEBUG;
				SWIFT_OPTIMIZATION_LEVEL = "-Onone";
				VERSIONING_SYSTEM = "apple-generic";
			};
			name = Debug;
		};
		C0B9D4721F1F8207009A77DD /* Internal */ = {
			isa = XCBuildConfiguration;
			buildSettings = {
				ALWAYS_SEARCH_USER_PATHS = NO;
				CLANG_ANALYZER_LOCALIZABILITY_NONLOCALIZED = YES;
				CLANG_ANALYZER_NONNULL = YES;
				CLANG_ANALYZER_NUMBER_OBJECT_CONVERSION = YES_AGGRESSIVE;
				CLANG_CXX_LANGUAGE_STANDARD = "gnu++0x";
				CLANG_CXX_LIBRARY = "libc++";
				CLANG_ENABLE_MODULES = YES;
				CLANG_ENABLE_OBJC_ARC = YES;
				CLANG_WARN_BLOCK_CAPTURE_AUTORELEASING = YES;
				CLANG_WARN_BOOL_CONVERSION = YES;
				CLANG_WARN_COMMA = YES;
				CLANG_WARN_CONSTANT_CONVERSION = YES;
				CLANG_WARN_DIRECT_OBJC_ISA_USAGE = YES_ERROR;
				CLANG_WARN_DOCUMENTATION_COMMENTS = YES;
				CLANG_WARN_EMPTY_BODY = YES;
				CLANG_WARN_ENUM_CONVERSION = YES;
				CLANG_WARN_INFINITE_RECURSION = YES;
				CLANG_WARN_INT_CONVERSION = YES;
				CLANG_WARN_NON_LITERAL_NULL_CONVERSION = YES;
				CLANG_WARN_OBJC_LITERAL_CONVERSION = YES;
				CLANG_WARN_OBJC_ROOT_CLASS = YES_ERROR;
				CLANG_WARN_RANGE_LOOP_ANALYSIS = YES;
				CLANG_WARN_STRICT_PROTOTYPES = YES;
				CLANG_WARN_SUSPICIOUS_MOVE = YES;
				CLANG_WARN_UNREACHABLE_CODE = YES;
				CLANG_WARN__DUPLICATE_METHOD_MATCH = YES;
				"CODE_SIGN_IDENTITY[sdk=iphoneos*]" = "iPhone Developer";
				COPY_PHASE_STRIP = NO;
				CURRENT_PROJECT_VERSION = 1;
				DEBUG_INFORMATION_FORMAT = "dwarf-with-dsym";
				ENABLE_NS_ASSERTIONS = NO;
				ENABLE_STRICT_OBJC_MSGSEND = YES;
				GCC_C_LANGUAGE_STANDARD = gnu99;
				GCC_NO_COMMON_BLOCKS = YES;
				GCC_WARN_64_TO_32_BIT_CONVERSION = YES;
				GCC_WARN_ABOUT_RETURN_TYPE = YES_ERROR;
				GCC_WARN_UNDECLARED_SELECTOR = YES;
				GCC_WARN_UNINITIALIZED_AUTOS = YES_AGGRESSIVE;
				GCC_WARN_UNUSED_FUNCTION = YES;
				GCC_WARN_UNUSED_VARIABLE = YES;
				IPHONEOS_DEPLOYMENT_TARGET = 10.0;
				MTL_ENABLE_DEBUG_INFO = NO;
				OTHER_LDFLAGS = "-ObjC";
				OTHER_SWIFT_FLAGS = "-D INTERNAL";
				PRODUCT_NAME = winstrike;
				SDKROOT = iphoneos;
				SWIFT_OPTIMIZATION_LEVEL = "-Owholemodule";
				VALIDATE_PRODUCT = YES;
				VERSIONING_SYSTEM = "apple-generic";
			};
			name = Internal;
		};
		C0B9D4741F1F8207009A77DD /* Debug */ = {
			isa = XCBuildConfiguration;
			buildSettings = {
				ASSETCATALOG_COMPILER_APPICON_NAME = AppIcon;
				ASSETCATALOG_COMPILER_LAUNCHIMAGE_NAME = LaunchImage;
				"CODE_SIGN_IDENTITY[sdk=iphoneos*]" = "iPhone Developer";
				CODE_SIGN_STYLE = Automatic;
				DEVELOPMENT_TEAM = R82X32X6B7;
				ENABLE_BITCODE = YES;
				FRAMEWORK_SEARCH_PATHS = (
					"$(inherited)",
					"$(PROJECT_DIR)/Carthage/Build/iOS",
					"$(PROJECT_DIR)",
				);
				INFOPLIST_FILE = "$(SRCROOT)/winstrike/Resources/Info.plist";
				IPHONEOS_DEPLOYMENT_TARGET = 10.3;
				LD_RUNPATH_SEARCH_PATHS = "$(inherited) @executable_path/Frameworks";
				OTHER_LDFLAGS = "-ObjC";
				PRODUCT_BUNDLE_IDENTIFIER = ru.prsolution.winstrike;
				PRODUCT_NAME = winstrike;
				PROVISIONING_PROFILE = "";
				PROVISIONING_PROFILE_SPECIFIER = "";
				SWIFT_SWIFT3_OBJC_INFERENCE = Default;
				SWIFT_VERSION = 4.0;
				TARGETED_DEVICE_FAMILY = 1;
			};
			name = Debug;
		};
		C0B9D4751F1F8207009A77DD /* Internal */ = {
			isa = XCBuildConfiguration;
			buildSettings = {
				ASSETCATALOG_COMPILER_APPICON_NAME = AppIcon;
				ASSETCATALOG_COMPILER_LAUNCHIMAGE_NAME = LaunchImage;
				"CODE_SIGN_IDENTITY[sdk=iphoneos*]" = "iPhone Developer";
				CODE_SIGN_STYLE = Automatic;
				DEVELOPMENT_TEAM = R82X32X6B7;
				ENABLE_BITCODE = YES;
				FRAMEWORK_SEARCH_PATHS = (
					"$(inherited)",
					"$(PROJECT_DIR)/Carthage/Build/iOS",
					"$(PROJECT_DIR)",
				);
				INFOPLIST_FILE = "$(SRCROOT)/winstrike/Resources/Info.plist";
				IPHONEOS_DEPLOYMENT_TARGET = 10.3;
				LD_RUNPATH_SEARCH_PATHS = "$(inherited) @executable_path/Frameworks";
				PRODUCT_BUNDLE_IDENTIFIER = ru.prsolution.winstrike;
				PRODUCT_NAME = winstrike;
				PROVISIONING_PROFILE = "";
				PROVISIONING_PROFILE_SPECIFIER = "";
				SWIFT_SWIFT3_OBJC_INFERENCE = Default;
				SWIFT_VERSION = 4.0;
				TARGETED_DEVICE_FAMILY = 1;
			};
			name = Internal;
		};
/* End XCBuildConfiguration section */

/* Begin XCConfigurationList section */
		C04B61EB1F20EF050042AC92 /* Build configuration list for PBXNativeTarget "winstrikeTests" */ = {
			isa = XCConfigurationList;
			buildConfigurations = (
				C04B61EC1F20EF050042AC92 /* Debug */,
				C04B61ED1F20EF050042AC92 /* Internal */,
				C04B61EE1F20EF050042AC92 /* Prerelease */,
				C04B61EF1F20EF050042AC92 /* Release */,
			);
			defaultConfigurationIsVisible = 0;
			defaultConfigurationName = Internal;
		};
		C0B9D45C1F1F8207009A77DD /* Build configuration list for PBXProject "winstrike" */ = {
			isa = XCConfigurationList;
			buildConfigurations = (
				C0B9D4711F1F8207009A77DD /* Debug */,
				C0B9D4721F1F8207009A77DD /* Internal */,
				C04B61D61F20C6990042AC92 /* Prerelease */,
				C04B61D81F20C69B0042AC92 /* Release */,
			);
			defaultConfigurationIsVisible = 0;
			defaultConfigurationName = Internal;
		};
		C0B9D4731F1F8207009A77DD /* Build configuration list for PBXNativeTarget "winstrike" */ = {
			isa = XCConfigurationList;
			buildConfigurations = (
				C0B9D4741F1F8207009A77DD /* Debug */,
				C0B9D4751F1F8207009A77DD /* Internal */,
				C04B61D71F20C6990042AC92 /* Prerelease */,
				C04B61D91F20C69B0042AC92 /* Release */,
			);
			defaultConfigurationIsVisible = 0;
			defaultConfigurationName = Internal;
		};
/* End XCConfigurationList section */
	};
	rootObject = C0B9D4591F1F8207009A77DD /* Project object */;
}
